PODS:
  - comScore-iOS-SDK-RTS (3.1504.30)
  - KIF (3.2.1):
    - KIF/XCTest (= 3.2.1)
  - KIF/XCTest (3.2.1)
  - libextobjc/EXTScope (0.4.1):
    - libextobjc/RuntimeExtensions
  - libextobjc/RuntimeExtensions (0.4.1)
  - OCMock (3.1.2)
  - RTSAnalytics (0.4.2):
    - RTSAnalytics/Core (= 0.4.2)
  - RTSAnalytics/Core (0.4.2):
    - comScore-iOS-SDK-RTS (= 3.1504.30)
    - RTSAnalytics/Core/Version (= 0.4.2)
  - RTSAnalytics/Core/Version (0.4.2):
    - comScore-iOS-SDK-RTS (= 3.1504.30)
  - RTSAnalytics/MediaPlayer (0.4.2):
    - RTSAnalytics/Core
    - SRGMediaPlayer (~> 0.5.0)
  - SRGMediaPlayer (0.5.0):
    - libextobjc/EXTScope (~> 0.4.1)
    - TransitionKit (~> 2.2.0)
  - TransitionKit (2.2.0)

DEPENDENCIES:
  - comScore-iOS-SDK-RTS (= 3.1504.30)
  - KIF (= 3.2.1)
  - OCMock (~> 3.1.2)
  - RTSAnalytics (from `.`)
  - RTSAnalytics/MediaPlayer (from `.`)
  - SRGMediaPlayer (= 0.5.0)

EXTERNAL SOURCES:
  RTSAnalytics:
    :path: .

SPEC CHECKSUMS:
  comScore-iOS-SDK-RTS: fba80241be3d1770a28304d7ff5a131ecd8c4ad6
  KIF: ef1691e54e1d969c3b4fd0b5b56a3d7ddf37f216
  libextobjc: a650fc1bf489a3d3a9bc2e621efa3e1006fc5471
  OCMock: a10ea9f0a6e921651f96f78b6faee95ebc813b92
  RTSAnalytics: cc0a8f24c5c25fe19760f3125fb10f8e8e77c81a
  SRGMediaPlayer: 05894983a2ca38bdb521382d98e08830d0faebb0
  TransitionKit: 5c9001a77acc409d71f26a4eba0159cf8619c418

COCOAPODS: 0.37.2
