// !$*UTF8*$!
{
	archiveVersion = 1;
	classes = {
	};
	objectVersion = 46;
	objects = {

/* Begin PBXBuildFile section */
		9F1518BF1AC2F1CE00AE051D /* RTSAnalytics.h in CopyFiles */ = {isa = PBXBuildFile; fileRef = 9F1518BE1AC2F1CE00AE051D /* RTSAnalytics.h */; };
		9F1518C11AC2F1CE00AE051D /* RTSAnalytics.m in Sources */ = {isa = PBXBuildFile; fileRef = 9F1518C01AC2F1CE00AE051D /* RTSAnalytics.m */; };
		9F1518C71AC2F1CE00AE051D /* libRTSAnalytics.a in Frameworks */ = {isa = PBXBuildFile; fileRef = 9F1518BB1AC2F1CE00AE051D /* libRTSAnalytics.a */; };
/* End PBXBuildFile section */

/* Begin PBXContainerItemProxy section */
		9F1518C81AC2F1CE00AE051D /* PBXContainerItemProxy */ = {
			isa = PBXContainerItemProxy;
			containerPortal = 9F1518B31AC2F1CE00AE051D /* Project object */;
			proxyType = 1;
			remoteGlobalIDString = 9F1518BA1AC2F1CE00AE051D;
			remoteInfo = RTSAnalytics;
		};
/* End PBXContainerItemProxy section */

/* Begin PBXCopyFilesBuildPhase section */
		9F1518B91AC2F1CE00AE051D /* CopyFiles */ = {
			isa = PBXCopyFilesBuildPhase;
			buildActionMask = 2147483647;
			dstPath = "include/$(PRODUCT_NAME)";
			dstSubfolderSpec = 16;
			files = (
				9F1518BF1AC2F1CE00AE051D /* RTSAnalytics.h in CopyFiles */,
			);
			runOnlyForDeploymentPostprocessing = 0;
		};
/* End PBXCopyFilesBuildPhase section */

/* Begin PBXFileReference section */
		9F1518BB1AC2F1CE00AE051D /* libRTSAnalytics.a */ = {isa = PBXFileReference; explicitFileType = archive.ar; includeInIndex = 0; path = libRTSAnalytics.a; sourceTree = BUILT_PRODUCTS_DIR; };
		9F1518BE1AC2F1CE00AE051D /* RTSAnalytics.h */ = {isa = PBXFileReference; lastKnownFileType = sourcecode.c.h; path = RTSAnalytics.h; sourceTree = "<group>"; };
		9F1518C01AC2F1CE00AE051D /* RTSAnalytics.m */ = {isa = PBXFileReference; lastKnownFileType = sourcecode.c.objc; path = RTSAnalytics.m; sourceTree = "<group>"; };
		9F1518C61AC2F1CE00AE051D /* RTSAnalyticsTests.xctest */ = {isa = PBXFileReference; explicitFileType = wrapper.cfbundle; includeInIndex = 0; path = RTSAnalyticsTests.xctest; sourceTree = BUILT_PRODUCTS_DIR; };
		9F1518CC1AC2F1CE00AE051D /* Info.plist */ = {isa = PBXFileReference; lastKnownFileType = text.plist.xml; path = Info.plist; sourceTree = "<group>"; };
/* End PBXFileReference section */

/* Begin PBXFrameworksBuildPhase section */
		9F1518B81AC2F1CE00AE051D /* Frameworks */ = {
			isa = PBXFrameworksBuildPhase;
			buildActionMask = 2147483647;
			files = (
			);
			runOnlyForDeploymentPostprocessing = 0;
		};
		9F1518C31AC2F1CE00AE051D /* Frameworks */ = {
			isa = PBXFrameworksBuildPhase;
			buildActionMask = 2147483647;
			files = (
				9F1518C71AC2F1CE00AE051D /* libRTSAnalytics.a in Frameworks */,
			);
			runOnlyForDeploymentPostprocessing = 0;
		};
/* End PBXFrameworksBuildPhase section */

/* Begin PBXGroup section */
		9F1518B21AC2F1CE00AE051D = {
			isa = PBXGroup;
			children = (
				9F1518BD1AC2F1CE00AE051D /* RTSAnalytics */,
				9F1518CA1AC2F1CE00AE051D /* RTSAnalyticsTests */,
				9F1518BC1AC2F1CE00AE051D /* Products */,
			);
			sourceTree = "<group>";
		};
		9F1518BC1AC2F1CE00AE051D /* Products */ = {
			isa = PBXGroup;
			children = (
				9F1518BB1AC2F1CE00AE051D /* libRTSAnalytics.a */,
				9F1518C61AC2F1CE00AE051D /* RTSAnalyticsTests.xctest */,
			);
			name = Products;
			sourceTree = "<group>";
		};
		9F1518BD1AC2F1CE00AE051D /* RTSAnalytics */ = {
			isa = PBXGroup;
			children = (
				9F1518BE1AC2F1CE00AE051D /* RTSAnalytics.h */,
				9F1518C01AC2F1CE00AE051D /* RTSAnalytics.m */,
			);
			path = RTSAnalytics;
			sourceTree = "<group>";
		};
		9F1518CA1AC2F1CE00AE051D /* RTSAnalyticsTests */ = {
			isa = PBXGroup;
			children = (
				9F1518CB1AC2F1CE00AE051D /* Supporting Files */,
			);
			path = RTSAnalyticsTests;
			sourceTree = "<group>";
		};
		9F1518CB1AC2F1CE00AE051D /* Supporting Files */ = {
			isa = PBXGroup;
			children = (
				9F1518CC1AC2F1CE00AE051D /* Info.plist */,
			);
			name = "Supporting Files";
			sourceTree = "<group>";
		};
/* End PBXGroup section */

/* Begin PBXNativeTarget section */
		9F1518BA1AC2F1CE00AE051D /* RTSAnalytics */ = {
			isa = PBXNativeTarget;
			buildConfigurationList = 9F1518CF1AC2F1CE00AE051D /* Build configuration list for PBXNativeTarget "RTSAnalytics" */;
			buildPhases = (
				9F1518B71AC2F1CE00AE051D /* Sources */,
				9F1518B81AC2F1CE00AE051D /* Frameworks */,
				9F1518B91AC2F1CE00AE051D /* CopyFiles */,
			);
			buildRules = (
			);
			dependencies = (
			);
			name = RTSAnalytics;
			productName = RTSAnalytics;
			productReference = 9F1518BB1AC2F1CE00AE051D /* libRTSAnalytics.a */;
			productType = "com.apple.product-type.library.static";
		};
		9F1518C51AC2F1CE00AE051D /* RTSAnalyticsTests */ = {
			isa = PBXNativeTarget;
			buildConfigurationList = 9F1518D21AC2F1CE00AE051D /* Build configuration list for PBXNativeTarget "RTSAnalyticsTests" */;
			buildPhases = (
				9F1518C21AC2F1CE00AE051D /* Sources */,
				9F1518C31AC2F1CE00AE051D /* Frameworks */,
				9F1518C41AC2F1CE00AE051D /* Resources */,
			);
			buildRules = (
			);
			dependencies = (
				9F1518C91AC2F1CE00AE051D /* PBXTargetDependency */,
			);
			name = RTSAnalyticsTests;
			productName = RTSAnalyticsTests;
			productReference = 9F1518C61AC2F1CE00AE051D /* RTSAnalyticsTests.xctest */;
			productType = "com.apple.product-type.bundle.unit-test";
		};
/* End PBXNativeTarget section */

/* Begin PBXProject section */
		9F1518B31AC2F1CE00AE051D /* Project object */ = {
			isa = PBXProject;
			attributes = {
				LastUpgradeCheck = 0620;
				ORGANIZATIONNAME = RTS;
				TargetAttributes = {
					9F1518BA1AC2F1CE00AE051D = {
						CreatedOnToolsVersion = 6.2;
					};
					9F1518C51AC2F1CE00AE051D = {
						CreatedOnToolsVersion = 6.2;
					};
				};
			};
			buildConfigurationList = 9F1518B61AC2F1CE00AE051D /* Build configuration list for PBXProject "RTSAnalytics" */;
			compatibilityVersion = "Xcode 3.2";
			developmentRegion = English;
			hasScannedForEncodings = 0;
			knownRegions = (
				en,
			);
			mainGroup = 9F1518B21AC2F1CE00AE051D;
			productRefGroup = 9F1518BC1AC2F1CE00AE051D /* Products */;
			projectDirPath = "";
			projectRoot = "";
			targets = (
				9F1518BA1AC2F1CE00AE051D /* RTSAnalytics */,
				9F1518C51AC2F1CE00AE051D /* RTSAnalyticsTests */,
			);
		};
/* End PBXProject section */

/* Begin PBXResourcesBuildPhase section */
		9F1518C41AC2F1CE00AE051D /* Resources */ = {
			isa = PBXResourcesBuildPhase;
			buildActionMask = 2147483647;
			files = (
			);
			runOnlyForDeploymentPostprocessing = 0;
		};
/* End PBXResourcesBuildPhase section */

/* Begin PBXSourcesBuildPhase section */
		9F1518B71AC2F1CE00AE051D /* Sources */ = {
			isa = PBXSourcesBuildPhase;
			buildActionMask = 2147483647;
			files = (
				9F1518C11AC2F1CE00AE051D /* RTSAnalytics.m in Sources */,
			);
			runOnlyForDeploymentPostprocessing = 0;
		};
		9F1518C21AC2F1CE00AE051D /* Sources */ = {
			isa = PBXSourcesBuildPhase;
			buildActionMask = 2147483647;
			files = (
			);
			runOnlyForDeploymentPostprocessing = 0;
		};
/* End PBXSourcesBuildPhase section */

/* Begin PBXTargetDependency section */
		9F1518C91AC2F1CE00AE051D /* PBXTargetDependency */ = {
			isa = PBXTargetDependency;
			target = 9F1518BA1AC2F1CE00AE051D /* RTSAnalytics */;
			targetProxy = 9F1518C81AC2F1CE00AE051D /* PBXContainerItemProxy */;
		};
/* End PBXTargetDependency section */

/* Begin XCBuildConfiguration section */
		9F1518CD1AC2F1CE00AE051D /* Debug */ = {
			isa = XCBuildConfiguration;
			buildSettings = {
				ALWAYS_SEARCH_USER_PATHS = NO;
				CLANG_CXX_LANGUAGE_STANDARD = "gnu++0x";
				CLANG_CXX_LIBRARY = "libc++";
				CLANG_ENABLE_MODULES = YES;
				CLANG_ENABLE_OBJC_ARC = YES;
				CLANG_WARN_BOOL_CONVERSION = YES;
				CLANG_WARN_CONSTANT_CONVERSION = YES;
				CLANG_WARN_DIRECT_OBJC_ISA_USAGE = YES_ERROR;
				CLANG_WARN_EMPTY_BODY = YES;
				CLANG_WARN_ENUM_CONVERSION = YES;
				CLANG_WARN_INT_CONVERSION = YES;
				CLANG_WARN_OBJC_ROOT_CLASS = YES_ERROR;
				CLANG_WARN_UNREACHABLE_CODE = YES;
				CLANG_WARN__DUPLICATE_METHOD_MATCH = YES;
				COPY_PHASE_STRIP = NO;
				ENABLE_STRICT_OBJC_MSGSEND = YES;
				GCC_C_LANGUAGE_STANDARD = gnu99;
				GCC_DYNAMIC_NO_PIC = NO;
				GCC_OPTIMIZATION_LEVEL = 0;
				GCC_PREPROCESSOR_DEFINITIONS = (
					"DEBUG=1",
					"$(inherited)",
				);
				GCC_SYMBOLS_PRIVATE_EXTERN = NO;
				GCC_WARN_64_TO_32_BIT_CONVERSION = YES;
				GCC_WARN_ABOUT_RETURN_TYPE = YES_ERROR;
				GCC_WARN_UNDECLARED_SELECTOR = YES;
				GCC_WARN_UNINITIALIZED_AUTOS = YES_AGGRESSIVE;
				GCC_WARN_UNUSED_FUNCTION = YES;
				GCC_WARN_UNUSED_VARIABLE = YES;
				IPHONEOS_DEPLOYMENT_TARGET = 8.2;
				MTL_ENABLE_DEBUG_INFO = YES;
				ONLY_ACTIVE_ARCH = YES;
				SDKROOT = iphoneos;
			};
			name = Debug;
		};
		9F1518CE1AC2F1CE00AE051D /* Release */ = {
			isa = XCBuildConfiguration;
			buildSettings = {
				ALWAYS_SEARCH_USER_PATHS = NO;
				CLANG_CXX_LANGUAGE_STANDARD = "gnu++0x";
				CLANG_CXX_LIBRARY = "libc++";
				CLANG_ENABLE_MODULES = YES;
				CLANG_ENABLE_OBJC_ARC = YES;
				CLANG_WARN_BOOL_CONVERSION = YES;
				CLANG_WARN_CONSTANT_CONVERSION = YES;
				CLANG_WARN_DIRECT_OBJC_ISA_USAGE = YES_ERROR;
				CLANG_WARN_EMPTY_BODY = YES;
				CLANG_WARN_ENUM_CONVERSION = YES;
				CLANG_WARN_INT_CONVERSION = YES;
				CLANG_WARN_OBJC_ROOT_CLASS = YES_ERROR;
				CLANG_WARN_UNREACHABLE_CODE = YES;
				CLANG_WARN__DUPLICATE_METHOD_MATCH = YES;
				COPY_PHASE_STRIP = NO;
				ENABLE_NS_ASSERTIONS = NO;
				ENABLE_STRICT_OBJC_MSGSEND = YES;
				GCC_C_LANGUAGE_STANDARD = gnu99;
				GCC_WARN_64_TO_32_BIT_CONVERSION = YES;
				GCC_WARN_ABOUT_RETURN_TYPE = YES_ERROR;
				GCC_WARN_UNDECLARED_SELECTOR = YES;
				GCC_WARN_UNINITIALIZED_AUTOS = YES_AGGRESSIVE;
				GCC_WARN_UNUSED_FUNCTION = YES;
				GCC_WARN_UNUSED_VARIABLE = YES;
				IPHONEOS_DEPLOYMENT_TARGET = 8.2;
				MTL_ENABLE_DEBUG_INFO = NO;
				SDKROOT = iphoneos;
				VALIDATE_PRODUCT = YES;
			};
			name = Release;
		};
		9F1518D01AC2F1CE00AE051D /* Debug */ = {
			isa = XCBuildConfiguration;
			buildSettings = {
				OTHER_LDFLAGS = "-ObjC";
				PRODUCT_NAME = "$(TARGET_NAME)";
				SKIP_INSTALL = YES;
			};
			name = Debug;
		};
		9F1518D11AC2F1CE00AE051D /* Release */ = {
			isa = XCBuildConfiguration;
			buildSettings = {
				OTHER_LDFLAGS = "-ObjC";
				PRODUCT_NAME = "$(TARGET_NAME)";
				SKIP_INSTALL = YES;
			};
			name = Release;
		};
		9F1518D31AC2F1CE00AE051D /* Debug */ = {
			isa = XCBuildConfiguration;
			buildSettings = {
				FRAMEWORK_SEARCH_PATHS = (
					"$(SDKROOT)/Developer/Library/Frameworks",
					"$(inherited)",
				);
				GCC_PREPROCESSOR_DEFINITIONS = (
					"DEBUG=1",
					"$(inherited)",
				);
				INFOPLIST_FILE = RTSAnalyticsTests/Info.plist;
				LD_RUNPATH_SEARCH_PATHS = "$(inherited) @executable_path/Frameworks @loader_path/Frameworks";
				PRODUCT_NAME = "$(TARGET_NAME)";
			};
			name = Debug;
		};
		9F1518D41AC2F1CE00AE051D /* Release */ = {
			isa = XCBuildConfiguration;
			buildSettings = {
				FRAMEWORK_SEARCH_PATHS = (
					"$(SDKROOT)/Developer/Library/Frameworks",
					"$(inherited)",
				);
				INFOPLIST_FILE = RTSAnalyticsTests/Info.plist;
				LD_RUNPATH_SEARCH_PATHS = "$(inherited) @executable_path/Frameworks @loader_path/Frameworks";
				PRODUCT_NAME = "$(TARGET_NAME)";
			};
			name = Release;
		};
/* End XCBuildConfiguration section */

/* Begin XCConfigurationList section */
		9F1518B61AC2F1CE00AE051D /* Build configuration list for PBXProject "RTSAnalytics" */ = {
			isa = XCConfigurationList;
			buildConfigurations = (
				9F1518CD1AC2F1CE00AE051D /* Debug */,
				9F1518CE1AC2F1CE00AE051D /* Release */,
			);
			defaultConfigurationIsVisible = 0;
			defaultConfigurationName = Release;
		};
		9F1518CF1AC2F1CE00AE051D /* Build configuration list for PBXNativeTarget "RTSAnalytics" */ = {
			isa = XCConfigurationList;
			buildConfigurations = (
				9F1518D01AC2F1CE00AE051D /* Debug */,
				9F1518D11AC2F1CE00AE051D /* Release */,
			);
			defaultConfigurationIsVisible = 0;
		};
		9F1518D21AC2F1CE00AE051D /* Build configuration list for PBXNativeTarget "RTSAnalyticsTests" */ = {
			isa = XCConfigurationList;
			buildConfigurations = (
				9F1518D31AC2F1CE00AE051D /* Debug */,
				9F1518D41AC2F1CE00AE051D /* Release */,
			);
			defaultConfigurationIsVisible = 0;
		};
/* End XCConfigurationList section */
	};
	rootObject = 9F1518B31AC2F1CE00AE051D /* Project object */;
}
