<?xml version="1.0" encoding="UTF-8"?>
<Scheme
   LastUpgradeVersion = "1010"
   version = "1.3">
   <BuildAction
      parallelizeBuildables = "NO"
      buildImplicitDependencies = "YES">
      <BuildActionEntries>
         <BuildActionEntry
            buildForTesting = "YES"
            buildForRunning = "YES"
            buildForProfiling = "YES"
            buildForArchiving = "YES"
            buildForAnalyzing = "YES">
            <BuildableReference
               BuildableIdentifier = "primary"
               BlueprintIdentifier = "E69A1FF21D61E2070064E6C1"
               BuildableName = "SRGAnalytics.framework"
               BlueprintName = "SRGAnalytics"
               ReferencedContainer = "container:SRGAnalytics.xcodeproj">
            </BuildableReference>
         </BuildActionEntry>
         <BuildActionEntry
            buildForTesting = "YES"
            buildForRunning = "YES"
            buildForProfiling = "YES"
            buildForArchiving = "YES"
            buildForAnalyzing = "YES">
            <BuildableReference
               BuildableIdentifier = "primary"
               BlueprintIdentifier = "E61C0D541D61E9CD00AEAE6D"
               BuildableName = "SRGAnalytics_MediaPlayer.framework"
               BlueprintName = "SRGAnalytics_MediaPlayer"
               ReferencedContainer = "container:SRGAnalytics.xcodeproj">
            </BuildableReference>
         </BuildActionEntry>
         <BuildActionEntry
            buildForTesting = "YES"
            buildForRunning = "YES"
            buildForProfiling = "YES"
            buildForArchiving = "YES"
            buildForAnalyzing = "YES">
            <BuildableReference
               BuildableIdentifier = "primary"
               BlueprintIdentifier = "6FB331E51D9BFB00001469F2"
               BuildableName = "SRGAnalytics_DataProvider.framework"
               BlueprintName = "SRGAnalytics_DataProvider"
               ReferencedContainer = "container:SRGAnalytics.xcodeproj">
            </BuildableReference>
         </BuildActionEntry>
         <BuildActionEntry
            buildForTesting = "YES"
            buildForRunning = "YES"
            buildForProfiling = "YES"
            buildForArchiving = "YES"
            buildForAnalyzing = "YES">
            <BuildableReference
               BuildableIdentifier = "primary"
               BlueprintIdentifier = "08EF58B72220A6BC000E7446"
               BuildableName = "SRGAnalytics_Identity.framework"
               BlueprintName = "SRGAnalytics_Identity"
               ReferencedContainer = "container:SRGAnalytics.xcodeproj">
            </BuildableReference>
         </BuildActionEntry>
         <BuildActionEntry
            buildForTesting = "YES"
            buildForRunning = "NO"
            buildForProfiling = "NO"
            buildForArchiving = "NO"
            buildForAnalyzing = "NO">
            <BuildableReference
               BuildableIdentifier = "primary"
               BlueprintIdentifier = "E65490A01D803C03007D96E7"
               BuildableName = "SRGAnalytics-tests.xctest"
               BlueprintName = "SRGAnalytics-tests"
               ReferencedContainer = "container:SRGAnalytics.xcodeproj">
            </BuildableReference>
         </BuildActionEntry>
      </BuildActionEntries>
   </BuildAction>
   <TestAction
      buildConfiguration = "Debug"
      selectedDebuggerIdentifier = "Xcode.DebuggerFoundation.Debugger.LLDB"
      selectedLauncherIdentifier = "Xcode.DebuggerFoundation.Launcher.LLDB"
      codeCoverageEnabled = "YES"
      shouldUseLaunchSchemeArgsEnv = "YES">
      <Testables>
         <TestableReference
            skipped = "NO"
            parallelizable = "YES"
            testExecutionOrdering = "random">
            <BuildableReference
               BuildableIdentifier = "primary"
               BlueprintIdentifier = "E65490A01D803C03007D96E7"
               BuildableName = "SRGAnalytics-tests.xctest"
               BlueprintName = "SRGAnalytics-tests"
               ReferencedContainer = "container:SRGAnalytics.xcodeproj">
            </BuildableReference>
         </TestableReference>
         <TestableReference
            skipped = "NO"
            parallelizable = "YES"
            testExecutionOrdering = "random">
            <BuildableReference
               BuildableIdentifier = "primary"
               BlueprintIdentifier = "E66F8A651D62DC250004EB58"
               BuildableName = "SRGAnalytics-demo-tests.xctest"
               BlueprintName = "SRGAnalytics-demo-tests"
               ReferencedContainer = "container:SRGAnalytics.xcodeproj">
            </BuildableReference>
         </TestableReference>
      </Testables>
      <MacroExpansion>
         <BuildableReference
            BuildableIdentifier = "primary"
            BlueprintIdentifier = "E61C0D541D61E9CD00AEAE6D"
            BuildableName = "SRGAnalytics_MediaPlayer.framework"
            BlueprintName = "SRGAnalytics_MediaPlayer"
            ReferencedContainer = "container:SRGAnalytics.xcodeproj">
         </BuildableReference>
      </MacroExpansion>
      <AdditionalOptions>
      </AdditionalOptions>
   </TestAction>
   <LaunchAction
      buildConfiguration = "Debug"
      selectedDebuggerIdentifier = "Xcode.DebuggerFoundation.Debugger.LLDB"
      selectedLauncherIdentifier = "Xcode.DebuggerFoundation.Launcher.LLDB"
      launchStyle = "0"
      useCustomWorkingDirectory = "NO"
      ignoresPersistentStateOnLaunch = "NO"
      debugDocumentVersioning = "YES"
      debugServiceExtension = "internal"
      allowLocationSimulation = "YES">
      <MacroExpansion>
         <BuildableReference
            BuildableIdentifier = "primary"
            BlueprintIdentifier = "E61C0D541D61E9CD00AEAE6D"
            BuildableName = "SRGAnalytics_MediaPlayer.framework"
            BlueprintName = "SRGAnalytics_MediaPlayer"
            ReferencedContainer = "container:SRGAnalytics.xcodeproj">
         </BuildableReference>
      </MacroExpansion>
      <AdditionalOptions>
      </AdditionalOptions>
   </LaunchAction>
   <ProfileAction
      buildConfiguration = "Release"
      shouldUseLaunchSchemeArgsEnv = "YES"
      savedToolIdentifier = ""
      useCustomWorkingDirectory = "NO"
      debugDocumentVersioning = "YES">
      <MacroExpansion>
         <BuildableReference
            BuildableIdentifier = "primary"
            BlueprintIdentifier = "E61C0D541D61E9CD00AEAE6D"
            BuildableName = "SRGAnalytics_MediaPlayer.framework"
            BlueprintName = "SRGAnalytics_MediaPlayer"
            ReferencedContainer = "container:SRGAnalytics.xcodeproj">
         </BuildableReference>
      </MacroExpansion>
   </ProfileAction>
   <AnalyzeAction
      buildConfiguration = "Debug">
   </AnalyzeAction>
   <ArchiveAction
      buildConfiguration = "Release"
      revealArchiveInOrganizer = "YES">
   </ArchiveAction>
</Scheme>
