// !$*UTF8*$!
{
	archiveVersion = 1;
	classes = {
	};
	objectVersion = 46;
	objects = {

/* Begin PBXBuildFile section */
		81C8798605BF40D1F3429552 /* libPods-SRGAnalytics_MediaPlayer.a in Frameworks */ = {isa = PBXBuildFile; fileRef = 7BF6747759F2EE1EB8601056 /* libPods-SRGAnalytics_MediaPlayer.a */; };
		88847C2D5761232836EF9704 /* libPods-SRGAnalytics.a in Frameworks */ = {isa = PBXBuildFile; fileRef = 276C25F91AAE315B56EF1848 /* libPods-SRGAnalytics.a */; };
		E61C0D6C1D61EFD200AEAE6D /* RTSAnalyticsMediaPlayerDataSource.h in Headers */ = {isa = PBXBuildFile; fileRef = E61C0D611D61EFD200AEAE6D /* RTSAnalyticsMediaPlayerDataSource.h */; settings = {ATTRIBUTES = (Public, ); }; };
		E61C0D6D1D61EFD200AEAE6D /* RTSMediaPlayerController+RTSAnalytics.h in Headers */ = {isa = PBXBuildFile; fileRef = E61C0D621D61EFD200AEAE6D /* RTSMediaPlayerController+RTSAnalytics.h */; settings = {ATTRIBUTES = (Public, ); }; };
		E61C0D6E1D61EFD200AEAE6D /* RTSMediaPlayerController+RTSAnalytics.m in Sources */ = {isa = PBXBuildFile; fileRef = E61C0D631D61EFD200AEAE6D /* RTSMediaPlayerController+RTSAnalytics.m */; };
		E61C0D6F1D61EFD200AEAE6D /* RTSMediaPlayerControllerStreamSenseTracker.m in Sources */ = {isa = PBXBuildFile; fileRef = E61C0D641D61EFD200AEAE6D /* RTSMediaPlayerControllerStreamSenseTracker.m */; };
		E61C0D701D61EFD200AEAE6D /* RTSMediaPlayerControllerStreamSenseTracker_private.h in Headers */ = {isa = PBXBuildFile; fileRef = E61C0D651D61EFD200AEAE6D /* RTSMediaPlayerControllerStreamSenseTracker_private.h */; };
		E61C0D711D61EFD200AEAE6D /* RTSMediaPlayerControllerTracker.m in Sources */ = {isa = PBXBuildFile; fileRef = E61C0D661D61EFD200AEAE6D /* RTSMediaPlayerControllerTracker.m */; };
		E61C0D721D61EFD200AEAE6D /* RTSMediaPlayerControllerTracker_private.h in Headers */ = {isa = PBXBuildFile; fileRef = E61C0D671D61EFD200AEAE6D /* RTSMediaPlayerControllerTracker_private.h */; };
		E61C0D731D61EFD200AEAE6D /* RTSMediaPlayerControllerTrackingInfo.h in Headers */ = {isa = PBXBuildFile; fileRef = E61C0D681D61EFD200AEAE6D /* RTSMediaPlayerControllerTrackingInfo.h */; };
		E61C0D741D61EFD200AEAE6D /* RTSMediaPlayerControllerTrackingInfo.m in Sources */ = {isa = PBXBuildFile; fileRef = E61C0D691D61EFD200AEAE6D /* RTSMediaPlayerControllerTrackingInfo.m */; };
		E61C0D751D61EFD200AEAE6D /* SRGMediaPlayerAnalytics.h in Headers */ = {isa = PBXBuildFile; fileRef = E61C0D6A1D61EFD200AEAE6D /* SRGMediaPlayerAnalytics.h */; };
		E61C0D861D61F16000AEAE6D /* SRGMediaPlayer.framework in Frameworks */ = {isa = PBXBuildFile; fileRef = E61C0D841D61F14A00AEAE6D /* SRGMediaPlayer.framework */; };
		E69A204A1D61E5E80064E6C1 /* CSRequest+RTSAnalytics.m in Sources */ = {isa = PBXBuildFile; fileRef = E69A20301D61E5E80064E6C1 /* CSRequest+RTSAnalytics.m */; };
		E69A204B1D61E5E80064E6C1 /* CSRequest+RTSAnalytics_private.h in Headers */ = {isa = PBXBuildFile; fileRef = E69A20311D61E5E80064E6C1 /* CSRequest+RTSAnalytics_private.h */; };
		E69A204C1D61E5E80064E6C1 /* CSStreamSense+RTSFixes.m in Sources */ = {isa = PBXBuildFile; fileRef = E69A20321D61E5E80064E6C1 /* CSStreamSense+RTSFixes.m */; };
		E69A204D1D61E5E80064E6C1 /* CSStreamSenseClip+RTSFixes.m in Sources */ = {isa = PBXBuildFile; fileRef = E69A20331D61E5E80064E6C1 /* CSStreamSenseClip+RTSFixes.m */; };
		E69A204E1D61E5E80064E6C1 /* CSStreamSensePlaylist+RTSFixes.m in Sources */ = {isa = PBXBuildFile; fileRef = E69A20341D61E5E80064E6C1 /* CSStreamSensePlaylist+RTSFixes.m */; };
		E69A204F1D61E5E80064E6C1 /* NSDictionary+RTSAnalytics.h in Headers */ = {isa = PBXBuildFile; fileRef = E69A20351D61E5E80064E6C1 /* NSDictionary+RTSAnalytics.h */; };
		E69A20501D61E5E80064E6C1 /* NSDictionary+RTSAnalytics.m in Sources */ = {isa = PBXBuildFile; fileRef = E69A20361D61E5E80064E6C1 /* NSDictionary+RTSAnalytics.m */; };
		E69A20511D61E5E80064E6C1 /* NSString+RTSAnalytics.h in Headers */ = {isa = PBXBuildFile; fileRef = E69A20371D61E5E80064E6C1 /* NSString+RTSAnalytics.h */; };
		E69A20521D61E5E80064E6C1 /* NSString+RTSAnalytics.m in Sources */ = {isa = PBXBuildFile; fileRef = E69A20381D61E5E80064E6C1 /* NSString+RTSAnalytics.m */; };
		E69A20531D61E5E80064E6C1 /* RTSAnalyticsComScoreTracker.h in Headers */ = {isa = PBXBuildFile; fileRef = E69A20391D61E5E80064E6C1 /* RTSAnalyticsComScoreTracker.h */; settings = {ATTRIBUTES = (Public, ); }; };
		E69A20541D61E5E80064E6C1 /* RTSAnalyticsLogger.m in Sources */ = {isa = PBXBuildFile; fileRef = E69A203A1D61E5E80064E6C1 /* RTSAnalyticsLogger.m */; };
		E69A20551D61E5E80064E6C1 /* RTSAnalyticsLogger_private.h in Headers */ = {isa = PBXBuildFile; fileRef = E69A203B1D61E5E80064E6C1 /* RTSAnalyticsLogger_private.h */; };
		E69A20561D61E5E80064E6C1 /* RTSAnalyticsNetmetrixTracker.h in Headers */ = {isa = PBXBuildFile; fileRef = E69A203C1D61E5E80064E6C1 /* RTSAnalyticsNetmetrixTracker.h */; settings = {ATTRIBUTES = (Public, ); }; };
		E69A20571D61E5E80064E6C1 /* RTSAnalyticsNetmetrixTracker.m in Sources */ = {isa = PBXBuildFile; fileRef = E69A203D1D61E5E80064E6C1 /* RTSAnalyticsNetmetrixTracker.m */; };
		E69A20581D61E5E80064E6C1 /* RTSAnalyticsNetmetrixTracker_private.h in Headers */ = {isa = PBXBuildFile; fileRef = E69A203E1D61E5E80064E6C1 /* RTSAnalyticsNetmetrixTracker_private.h */; };
		E69A20591D61E5E80064E6C1 /* RTSAnalyticsPageViewDataSource.h in Headers */ = {isa = PBXBuildFile; fileRef = E69A203F1D61E5E80064E6C1 /* RTSAnalyticsPageViewDataSource.h */; settings = {ATTRIBUTES = (Public, ); }; };
		E69A205A1D61E5E80064E6C1 /* RTSAnalyticsTracker+Logging.m in Sources */ = {isa = PBXBuildFile; fileRef = E69A20401D61E5E80064E6C1 /* RTSAnalyticsTracker+Logging.m */; };
		E69A205B1D61E5E80064E6C1 /* RTSAnalyticsTracker+Logging_private.h in Headers */ = {isa = PBXBuildFile; fileRef = E69A20411D61E5E80064E6C1 /* RTSAnalyticsTracker+Logging_private.h */; };
		E69A205C1D61E5E80064E6C1 /* RTSAnalyticsTracker.h in Headers */ = {isa = PBXBuildFile; fileRef = E69A20421D61E5E80064E6C1 /* RTSAnalyticsTracker.h */; settings = {ATTRIBUTES = (Public, ); }; };
		E69A205D1D61E5E80064E6C1 /* RTSAnalyticsTracker.m in Sources */ = {isa = PBXBuildFile; fileRef = E69A20431D61E5E80064E6C1 /* RTSAnalyticsTracker.m */; };
		E69A20601D61E5E80064E6C1 /* UIViewController+RTSAnalytics.h in Headers */ = {isa = PBXBuildFile; fileRef = E69A20461D61E5E80064E6C1 /* UIViewController+RTSAnalytics.h */; settings = {ATTRIBUTES = (Public, ); }; };
		E69A20611D61E5E80064E6C1 /* UIViewController+RTSAnalytics.m in Sources */ = {isa = PBXBuildFile; fileRef = E69A20471D61E5E80064E6C1 /* UIViewController+RTSAnalytics.m */; };
		E69A20621D61E5E80064E6C1 /* SRGAnalytics.h in Headers */ = {isa = PBXBuildFile; fileRef = E69A20481D61E5E80064E6C1 /* SRGAnalytics.h */; settings = {ATTRIBUTES = (Public, ); }; };
/* End PBXBuildFile section */

/* Begin PBXFileReference section */
		02B68D903754ACC449AA2D22 /* Pods-SRGAnalytics_MediaPlayer.test.xcconfig */ = {isa = PBXFileReference; includeInIndex = 1; lastKnownFileType = text.xcconfig; name = "Pods-SRGAnalytics_MediaPlayer.test.xcconfig"; path = "Pods/Target Support Files/Pods-SRGAnalytics_MediaPlayer/Pods-SRGAnalytics_MediaPlayer.test.xcconfig"; sourceTree = "<group>"; };
		276C25F91AAE315B56EF1848 /* libPods-SRGAnalytics.a */ = {isa = PBXFileReference; explicitFileType = archive.ar; includeInIndex = 0; path = "libPods-SRGAnalytics.a"; sourceTree = BUILT_PRODUCTS_DIR; };
		2D7BB06E60030BAF23DB10AE /* Pods-SRGAnalytics_MediaPlayer.release.xcconfig */ = {isa = PBXFileReference; includeInIndex = 1; lastKnownFileType = text.xcconfig; name = "Pods-SRGAnalytics_MediaPlayer.release.xcconfig"; path = "Pods/Target Support Files/Pods-SRGAnalytics_MediaPlayer/Pods-SRGAnalytics_MediaPlayer.release.xcconfig"; sourceTree = "<group>"; };
		30C70A0420FC9078615C98B3 /* Pods-SRGAnalytics_MediaPlayer.debug.xcconfig */ = {isa = PBXFileReference; includeInIndex = 1; lastKnownFileType = text.xcconfig; name = "Pods-SRGAnalytics_MediaPlayer.debug.xcconfig"; path = "Pods/Target Support Files/Pods-SRGAnalytics_MediaPlayer/Pods-SRGAnalytics_MediaPlayer.debug.xcconfig"; sourceTree = "<group>"; };
		5ECF9264728529B828939D61 /* Pods-SRGAnalytics.release.xcconfig */ = {isa = PBXFileReference; includeInIndex = 1; lastKnownFileType = text.xcconfig; name = "Pods-SRGAnalytics.release.xcconfig"; path = "Pods/Target Support Files/Pods-SRGAnalytics/Pods-SRGAnalytics.release.xcconfig"; sourceTree = "<group>"; };
		6649695D19ABE4BA922528A7 /* Pods-SRGAnalyticsTests.release.xcconfig */ = {isa = PBXFileReference; includeInIndex = 1; lastKnownFileType = text.xcconfig; name = "Pods-SRGAnalyticsTests.release.xcconfig"; path = "Pods/Target Support Files/Pods-SRGAnalyticsTests/Pods-SRGAnalyticsTests.release.xcconfig"; sourceTree = "<group>"; };
		7935F999ED64CE1691E22C28 /* Pods-SRGAnalytics.debug.xcconfig */ = {isa = PBXFileReference; includeInIndex = 1; lastKnownFileType = text.xcconfig; name = "Pods-SRGAnalytics.debug.xcconfig"; path = "Pods/Target Support Files/Pods-SRGAnalytics/Pods-SRGAnalytics.debug.xcconfig"; sourceTree = "<group>"; };
		7BF6747759F2EE1EB8601056 /* libPods-SRGAnalytics_MediaPlayer.a */ = {isa = PBXFileReference; explicitFileType = archive.ar; includeInIndex = 0; path = "libPods-SRGAnalytics_MediaPlayer.a"; sourceTree = BUILT_PRODUCTS_DIR; };
		9F1519211AC422AE00AE051D /* UIKit.framework */ = {isa = PBXFileReference; lastKnownFileType = wrapper.framework; name = UIKit.framework; path = System/Library/Frameworks/UIKit.framework; sourceTree = SDKROOT; };
		9F1519231AC422B800AE051D /* Foundation.framework */ = {isa = PBXFileReference; lastKnownFileType = wrapper.framework; name = Foundation.framework; path = System/Library/Frameworks/Foundation.framework; sourceTree = SDKROOT; };
		9FD74D401ACC2DDC00A2D86A /* CFNetwork.framework */ = {isa = PBXFileReference; lastKnownFileType = wrapper.framework; name = CFNetwork.framework; path = System/Library/Frameworks/CFNetwork.framework; sourceTree = SDKROOT; };
		9FD74D421ACC2DF900A2D86A /* SystemConfiguration.framework */ = {isa = PBXFileReference; lastKnownFileType = wrapper.framework; name = SystemConfiguration.framework; path = System/Library/Frameworks/SystemConfiguration.framework; sourceTree = SDKROOT; };
		A453D907F21345EDCA26CB83 /* Pods-SRGAnalytics.test.xcconfig */ = {isa = PBXFileReference; includeInIndex = 1; lastKnownFileType = text.xcconfig; name = "Pods-SRGAnalytics.test.xcconfig"; path = "Pods/Target Support Files/Pods-SRGAnalytics/Pods-SRGAnalytics.test.xcconfig"; sourceTree = "<group>"; };
		B6C669DE9C1F9FC56DE5B18F /* Pods-SRGAnalyticsTests.test.xcconfig */ = {isa = PBXFileReference; includeInIndex = 1; lastKnownFileType = text.xcconfig; name = "Pods-SRGAnalyticsTests.test.xcconfig"; path = "Pods/Target Support Files/Pods-SRGAnalyticsTests/Pods-SRGAnalyticsTests.test.xcconfig"; sourceTree = "<group>"; };
		E61C0D551D61E9CD00AEAE6D /* SRGAnalytics_MediaPlayer.framework */ = {isa = PBXFileReference; explicitFileType = wrapper.framework; includeInIndex = 0; path = SRGAnalytics_MediaPlayer.framework; sourceTree = BUILT_PRODUCTS_DIR; };
		E61C0D5F1D61EFD200AEAE6D /* Info.plist */ = {isa = PBXFileReference; fileEncoding = 4; lastKnownFileType = text.plist.xml; path = Info.plist; sourceTree = "<group>"; };
		E61C0D611D61EFD200AEAE6D /* RTSAnalyticsMediaPlayerDataSource.h */ = {isa = PBXFileReference; fileEncoding = 4; lastKnownFileType = sourcecode.c.h; path = RTSAnalyticsMediaPlayerDataSource.h; sourceTree = "<group>"; usesTabs = 0; };
		E61C0D621D61EFD200AEAE6D /* RTSMediaPlayerController+RTSAnalytics.h */ = {isa = PBXFileReference; fileEncoding = 4; lastKnownFileType = sourcecode.c.h; path = "RTSMediaPlayerController+RTSAnalytics.h"; sourceTree = "<group>"; usesTabs = 0; };
		E61C0D631D61EFD200AEAE6D /* RTSMediaPlayerController+RTSAnalytics.m */ = {isa = PBXFileReference; fileEncoding = 4; lastKnownFileType = sourcecode.c.objc; path = "RTSMediaPlayerController+RTSAnalytics.m"; sourceTree = "<group>"; };
		E61C0D641D61EFD200AEAE6D /* RTSMediaPlayerControllerStreamSenseTracker.m */ = {isa = PBXFileReference; fileEncoding = 4; lastKnownFileType = sourcecode.c.objc; path = RTSMediaPlayerControllerStreamSenseTracker.m; sourceTree = "<group>"; };
		E61C0D651D61EFD200AEAE6D /* RTSMediaPlayerControllerStreamSenseTracker_private.h */ = {isa = PBXFileReference; fileEncoding = 4; lastKnownFileType = sourcecode.c.h; path = RTSMediaPlayerControllerStreamSenseTracker_private.h; sourceTree = "<group>"; };
		E61C0D661D61EFD200AEAE6D /* RTSMediaPlayerControllerTracker.m */ = {isa = PBXFileReference; fileEncoding = 4; lastKnownFileType = sourcecode.c.objc; path = RTSMediaPlayerControllerTracker.m; sourceTree = "<group>"; };
		E61C0D671D61EFD200AEAE6D /* RTSMediaPlayerControllerTracker_private.h */ = {isa = PBXFileReference; fileEncoding = 4; lastKnownFileType = sourcecode.c.h; path = RTSMediaPlayerControllerTracker_private.h; sourceTree = "<group>"; };
		E61C0D681D61EFD200AEAE6D /* RTSMediaPlayerControllerTrackingInfo.h */ = {isa = PBXFileReference; fileEncoding = 4; lastKnownFileType = sourcecode.c.h; path = RTSMediaPlayerControllerTrackingInfo.h; sourceTree = "<group>"; };
		E61C0D691D61EFD200AEAE6D /* RTSMediaPlayerControllerTrackingInfo.m */ = {isa = PBXFileReference; fileEncoding = 4; lastKnownFileType = sourcecode.c.objc; path = RTSMediaPlayerControllerTrackingInfo.m; sourceTree = "<group>"; };
		E61C0D6A1D61EFD200AEAE6D /* SRGMediaPlayerAnalytics.h */ = {isa = PBXFileReference; fileEncoding = 4; lastKnownFileType = sourcecode.c.h; path = SRGMediaPlayerAnalytics.h; sourceTree = "<group>"; };
		E61C0D841D61F14A00AEAE6D /* SRGMediaPlayer.framework */ = {isa = PBXFileReference; lastKnownFileType = wrapper.framework; name = SRGMediaPlayer.framework; path = Carthage/Build/iOS/SRGMediaPlayer.framework; sourceTree = "<group>"; };
		E69A1FF31D61E2070064E6C1 /* SRGAnalytics.framework */ = {isa = PBXFileReference; explicitFileType = wrapper.framework; includeInIndex = 0; path = SRGAnalytics.framework; sourceTree = BUILT_PRODUCTS_DIR; };
		E69A202E1D61E5E80064E6C1 /* Info.plist */ = {isa = PBXFileReference; fileEncoding = 4; lastKnownFileType = text.plist.xml; path = Info.plist; sourceTree = "<group>"; };
		E69A20301D61E5E80064E6C1 /* CSRequest+RTSAnalytics.m */ = {isa = PBXFileReference; fileEncoding = 4; lastKnownFileType = sourcecode.c.objc; path = "CSRequest+RTSAnalytics.m"; sourceTree = "<group>"; };
		E69A20311D61E5E80064E6C1 /* CSRequest+RTSAnalytics_private.h */ = {isa = PBXFileReference; fileEncoding = 4; lastKnownFileType = sourcecode.c.h; path = "CSRequest+RTSAnalytics_private.h"; sourceTree = "<group>"; };
		E69A20321D61E5E80064E6C1 /* CSStreamSense+RTSFixes.m */ = {isa = PBXFileReference; fileEncoding = 4; lastKnownFileType = sourcecode.c.objc; path = "CSStreamSense+RTSFixes.m"; sourceTree = "<group>"; };
		E69A20331D61E5E80064E6C1 /* CSStreamSenseClip+RTSFixes.m */ = {isa = PBXFileReference; fileEncoding = 4; lastKnownFileType = sourcecode.c.objc; path = "CSStreamSenseClip+RTSFixes.m"; sourceTree = "<group>"; };
		E69A20341D61E5E80064E6C1 /* CSStreamSensePlaylist+RTSFixes.m */ = {isa = PBXFileReference; fileEncoding = 4; lastKnownFileType = sourcecode.c.objc; path = "CSStreamSensePlaylist+RTSFixes.m"; sourceTree = "<group>"; };
		E69A20351D61E5E80064E6C1 /* NSDictionary+RTSAnalytics.h */ = {isa = PBXFileReference; fileEncoding = 4; lastKnownFileType = sourcecode.c.h; path = "NSDictionary+RTSAnalytics.h"; sourceTree = "<group>"; };
		E69A20361D61E5E80064E6C1 /* NSDictionary+RTSAnalytics.m */ = {isa = PBXFileReference; fileEncoding = 4; lastKnownFileType = sourcecode.c.objc; path = "NSDictionary+RTSAnalytics.m"; sourceTree = "<group>"; };
		E69A20371D61E5E80064E6C1 /* NSString+RTSAnalytics.h */ = {isa = PBXFileReference; fileEncoding = 4; lastKnownFileType = sourcecode.c.h; path = "NSString+RTSAnalytics.h"; sourceTree = "<group>"; };
		E69A20381D61E5E80064E6C1 /* NSString+RTSAnalytics.m */ = {isa = PBXFileReference; fileEncoding = 4; lastKnownFileType = sourcecode.c.objc; path = "NSString+RTSAnalytics.m"; sourceTree = "<group>"; };
		E69A20391D61E5E80064E6C1 /* RTSAnalyticsComScoreTracker.h */ = {isa = PBXFileReference; fileEncoding = 4; lastKnownFileType = sourcecode.c.h; path = RTSAnalyticsComScoreTracker.h; sourceTree = "<group>"; };
		E69A203A1D61E5E80064E6C1 /* RTSAnalyticsLogger.m */ = {isa = PBXFileReference; fileEncoding = 4; lastKnownFileType = sourcecode.c.objc; path = RTSAnalyticsLogger.m; sourceTree = "<group>"; };
		E69A203B1D61E5E80064E6C1 /* RTSAnalyticsLogger_private.h */ = {isa = PBXFileReference; fileEncoding = 4; lastKnownFileType = sourcecode.c.h; path = RTSAnalyticsLogger_private.h; sourceTree = "<group>"; };
		E69A203C1D61E5E80064E6C1 /* RTSAnalyticsNetmetrixTracker.h */ = {isa = PBXFileReference; fileEncoding = 4; lastKnownFileType = sourcecode.c.h; path = RTSAnalyticsNetmetrixTracker.h; sourceTree = "<group>"; };
		E69A203D1D61E5E80064E6C1 /* RTSAnalyticsNetmetrixTracker.m */ = {isa = PBXFileReference; fileEncoding = 4; lastKnownFileType = sourcecode.c.objc; path = RTSAnalyticsNetmetrixTracker.m; sourceTree = "<group>"; };
		E69A203E1D61E5E80064E6C1 /* RTSAnalyticsNetmetrixTracker_private.h */ = {isa = PBXFileReference; fileEncoding = 4; lastKnownFileType = sourcecode.c.h; path = RTSAnalyticsNetmetrixTracker_private.h; sourceTree = "<group>"; };
		E69A203F1D61E5E80064E6C1 /* RTSAnalyticsPageViewDataSource.h */ = {isa = PBXFileReference; fileEncoding = 4; lastKnownFileType = sourcecode.c.h; path = RTSAnalyticsPageViewDataSource.h; sourceTree = "<group>"; };
		E69A20401D61E5E80064E6C1 /* RTSAnalyticsTracker+Logging.m */ = {isa = PBXFileReference; fileEncoding = 4; lastKnownFileType = sourcecode.c.objc; path = "RTSAnalyticsTracker+Logging.m"; sourceTree = "<group>"; };
		E69A20411D61E5E80064E6C1 /* RTSAnalyticsTracker+Logging_private.h */ = {isa = PBXFileReference; fileEncoding = 4; lastKnownFileType = sourcecode.c.h; path = "RTSAnalyticsTracker+Logging_private.h"; sourceTree = "<group>"; };
		E69A20421D61E5E80064E6C1 /* RTSAnalyticsTracker.h */ = {isa = PBXFileReference; fileEncoding = 4; lastKnownFileType = sourcecode.c.h; path = RTSAnalyticsTracker.h; sourceTree = "<group>"; };
		E69A20431D61E5E80064E6C1 /* RTSAnalyticsTracker.m */ = {isa = PBXFileReference; fileEncoding = 4; lastKnownFileType = sourcecode.c.objc; path = RTSAnalyticsTracker.m; sourceTree = "<group>"; };
		E69A20461D61E5E80064E6C1 /* UIViewController+RTSAnalytics.h */ = {isa = PBXFileReference; fileEncoding = 4; lastKnownFileType = sourcecode.c.h; path = "UIViewController+RTSAnalytics.h"; sourceTree = "<group>"; };
		E69A20471D61E5E80064E6C1 /* UIViewController+RTSAnalytics.m */ = {isa = PBXFileReference; fileEncoding = 4; lastKnownFileType = sourcecode.c.objc; path = "UIViewController+RTSAnalytics.m"; sourceTree = "<group>"; };
		E69A20481D61E5E80064E6C1 /* SRGAnalytics.h */ = {isa = PBXFileReference; fileEncoding = 4; lastKnownFileType = sourcecode.c.h; path = SRGAnalytics.h; sourceTree = "<group>"; };
		FA0265BACF3092D8C9897357 /* Pods-SRGAnalyticsTests.debug.xcconfig */ = {isa = PBXFileReference; includeInIndex = 1; lastKnownFileType = text.xcconfig; name = "Pods-SRGAnalyticsTests.debug.xcconfig"; path = "Pods/Target Support Files/Pods-SRGAnalyticsTests/Pods-SRGAnalyticsTests.debug.xcconfig"; sourceTree = "<group>"; };
/* End PBXFileReference section */

/* Begin PBXFrameworksBuildPhase section */
		E61C0D511D61E9CD00AEAE6D /* Frameworks */ = {
			isa = PBXFrameworksBuildPhase;
			buildActionMask = 2147483647;
			files = (
				E61C0D861D61F16000AEAE6D /* SRGMediaPlayer.framework in Frameworks */,
				81C8798605BF40D1F3429552 /* libPods-SRGAnalytics_MediaPlayer.a in Frameworks */,
			);
			runOnlyForDeploymentPostprocessing = 0;
		};
		E69A1FEF1D61E2070064E6C1 /* Frameworks */ = {
			isa = PBXFrameworksBuildPhase;
			buildActionMask = 2147483647;
			files = (
				88847C2D5761232836EF9704 /* libPods-SRGAnalytics.a in Frameworks */,
			);
			runOnlyForDeploymentPostprocessing = 0;
		};
/* End PBXFrameworksBuildPhase section */

/* Begin PBXGroup section */
		35CE998B24D1C86C9D7FCC1E /* Pods */ = {
			isa = PBXGroup;
			children = (
				7935F999ED64CE1691E22C28 /* Pods-SRGAnalytics.debug.xcconfig */,
				A453D907F21345EDCA26CB83 /* Pods-SRGAnalytics.test.xcconfig */,
				5ECF9264728529B828939D61 /* Pods-SRGAnalytics.release.xcconfig */,
				FA0265BACF3092D8C9897357 /* Pods-SRGAnalyticsTests.debug.xcconfig */,
				B6C669DE9C1F9FC56DE5B18F /* Pods-SRGAnalyticsTests.test.xcconfig */,
				6649695D19ABE4BA922528A7 /* Pods-SRGAnalyticsTests.release.xcconfig */,
				30C70A0420FC9078615C98B3 /* Pods-SRGAnalytics_MediaPlayer.debug.xcconfig */,
				02B68D903754ACC449AA2D22 /* Pods-SRGAnalytics_MediaPlayer.test.xcconfig */,
				2D7BB06E60030BAF23DB10AE /* Pods-SRGAnalytics_MediaPlayer.release.xcconfig */,
			);
			name = Pods;
			sourceTree = "<group>";
		};
		9F1518B21AC2F1CE00AE051D = {
			isa = PBXGroup;
			children = (
				E69A202D1D61E5E80064E6C1 /* Framework */,
				E61C0D5E1D61EFD200AEAE6D /* Framework_MediaPlayer */,
				AC99606425BE818BA71D7E4D /* Frameworks */,
				9F1518BC1AC2F1CE00AE051D /* Products */,
				35CE998B24D1C86C9D7FCC1E /* Pods */,
			);
			sourceTree = "<group>";
		};
		9F1518BC1AC2F1CE00AE051D /* Products */ = {
			isa = PBXGroup;
			children = (
				E69A1FF31D61E2070064E6C1 /* SRGAnalytics.framework */,
				E61C0D551D61E9CD00AEAE6D /* SRGAnalytics_MediaPlayer.framework */,
			);
			name = Products;
			sourceTree = "<group>";
		};
		AC99606425BE818BA71D7E4D /* Frameworks */ = {
			isa = PBXGroup;
			children = (
				E61C0D841D61F14A00AEAE6D /* SRGMediaPlayer.framework */,
				9FD74D421ACC2DF900A2D86A /* SystemConfiguration.framework */,
				9FD74D401ACC2DDC00A2D86A /* CFNetwork.framework */,
				9F1519231AC422B800AE051D /* Foundation.framework */,
				9F1519211AC422AE00AE051D /* UIKit.framework */,
				276C25F91AAE315B56EF1848 /* libPods-SRGAnalytics.a */,
				7BF6747759F2EE1EB8601056 /* libPods-SRGAnalytics_MediaPlayer.a */,
			);
			name = Frameworks;
			sourceTree = "<group>";
		};
		E61C0D5E1D61EFD200AEAE6D /* Framework_MediaPlayer */ = {
			isa = PBXGroup;
			children = (
				E61C0D5F1D61EFD200AEAE6D /* Info.plist */,
				E61C0D601D61EFD200AEAE6D /* Sources */,
				E61C0D6A1D61EFD200AEAE6D /* SRGMediaPlayerAnalytics.h */,
			);
			path = Framework_MediaPlayer;
			sourceTree = "<group>";
		};
		E61C0D601D61EFD200AEAE6D /* Sources */ = {
			isa = PBXGroup;
			children = (
				E61C0D611D61EFD200AEAE6D /* RTSAnalyticsMediaPlayerDataSource.h */,
				E61C0D621D61EFD200AEAE6D /* RTSMediaPlayerController+RTSAnalytics.h */,
				E61C0D631D61EFD200AEAE6D /* RTSMediaPlayerController+RTSAnalytics.m */,
				E61C0D641D61EFD200AEAE6D /* RTSMediaPlayerControllerStreamSenseTracker.m */,
				E61C0D651D61EFD200AEAE6D /* RTSMediaPlayerControllerStreamSenseTracker_private.h */,
				E61C0D661D61EFD200AEAE6D /* RTSMediaPlayerControllerTracker.m */,
				E61C0D671D61EFD200AEAE6D /* RTSMediaPlayerControllerTracker_private.h */,
				E61C0D681D61EFD200AEAE6D /* RTSMediaPlayerControllerTrackingInfo.h */,
				E61C0D691D61EFD200AEAE6D /* RTSMediaPlayerControllerTrackingInfo.m */,
			);
			path = Sources;
			sourceTree = "<group>";
		};
		E69A202D1D61E5E80064E6C1 /* Framework */ = {
			isa = PBXGroup;
			children = (
				E69A202F1D61E5E80064E6C1 /* Sources */,
				E69A202E1D61E5E80064E6C1 /* Info.plist */,
				E69A20481D61E5E80064E6C1 /* SRGAnalytics.h */,
			);
			path = Framework;
			sourceTree = "<group>";
		};
		E69A202F1D61E5E80064E6C1 /* Sources */ = {
			isa = PBXGroup;
			children = (
				E69A20301D61E5E80064E6C1 /* CSRequest+RTSAnalytics.m */,
				E69A20311D61E5E80064E6C1 /* CSRequest+RTSAnalytics_private.h */,
				E69A20321D61E5E80064E6C1 /* CSStreamSense+RTSFixes.m */,
				E69A20331D61E5E80064E6C1 /* CSStreamSenseClip+RTSFixes.m */,
				E69A20341D61E5E80064E6C1 /* CSStreamSensePlaylist+RTSFixes.m */,
				E69A20351D61E5E80064E6C1 /* NSDictionary+RTSAnalytics.h */,
				E69A20361D61E5E80064E6C1 /* NSDictionary+RTSAnalytics.m */,
				E69A20371D61E5E80064E6C1 /* NSString+RTSAnalytics.h */,
				E69A20381D61E5E80064E6C1 /* NSString+RTSAnalytics.m */,
				E69A20391D61E5E80064E6C1 /* RTSAnalyticsComScoreTracker.h */,
				E69A203A1D61E5E80064E6C1 /* RTSAnalyticsLogger.m */,
				E69A203B1D61E5E80064E6C1 /* RTSAnalyticsLogger_private.h */,
				E69A203C1D61E5E80064E6C1 /* RTSAnalyticsNetmetrixTracker.h */,
				E69A203D1D61E5E80064E6C1 /* RTSAnalyticsNetmetrixTracker.m */,
				E69A203E1D61E5E80064E6C1 /* RTSAnalyticsNetmetrixTracker_private.h */,
				E69A203F1D61E5E80064E6C1 /* RTSAnalyticsPageViewDataSource.h */,
				E69A20401D61E5E80064E6C1 /* RTSAnalyticsTracker+Logging.m */,
				E69A20411D61E5E80064E6C1 /* RTSAnalyticsTracker+Logging_private.h */,
				E69A20421D61E5E80064E6C1 /* RTSAnalyticsTracker.h */,
				E69A20431D61E5E80064E6C1 /* RTSAnalyticsTracker.m */,
				E69A20461D61E5E80064E6C1 /* UIViewController+RTSAnalytics.h */,
				E69A20471D61E5E80064E6C1 /* UIViewController+RTSAnalytics.m */,
			);
			path = Sources;
			sourceTree = "<group>";
		};
/* End PBXGroup section */

/* Begin PBXHeadersBuildPhase section */
		E61C0D521D61E9CD00AEAE6D /* Headers */ = {
			isa = PBXHeadersBuildPhase;
			buildActionMask = 2147483647;
			files = (
				E61C0D6C1D61EFD200AEAE6D /* RTSAnalyticsMediaPlayerDataSource.h in Headers */,
				E61C0D701D61EFD200AEAE6D /* RTSMediaPlayerControllerStreamSenseTracker_private.h in Headers */,
				E61C0D6D1D61EFD200AEAE6D /* RTSMediaPlayerController+RTSAnalytics.h in Headers */,
				E61C0D721D61EFD200AEAE6D /* RTSMediaPlayerControllerTracker_private.h in Headers */,
				E61C0D751D61EFD200AEAE6D /* SRGMediaPlayerAnalytics.h in Headers */,
				E61C0D731D61EFD200AEAE6D /* RTSMediaPlayerControllerTrackingInfo.h in Headers */,
			);
			runOnlyForDeploymentPostprocessing = 0;
		};
		E69A1FF01D61E2070064E6C1 /* Headers */ = {
			isa = PBXHeadersBuildPhase;
			buildActionMask = 2147483647;
			files = (
				E69A204F1D61E5E80064E6C1 /* NSDictionary+RTSAnalytics.h in Headers */,
				E69A20621D61E5E80064E6C1 /* SRGAnalytics.h in Headers */,
				E69A20551D61E5E80064E6C1 /* RTSAnalyticsLogger_private.h in Headers */,
				E69A20601D61E5E80064E6C1 /* UIViewController+RTSAnalytics.h in Headers */,
				E69A205C1D61E5E80064E6C1 /* RTSAnalyticsTracker.h in Headers */,
				E69A204B1D61E5E80064E6C1 /* CSRequest+RTSAnalytics_private.h in Headers */,
				E69A20561D61E5E80064E6C1 /* RTSAnalyticsNetmetrixTracker.h in Headers */,
				E69A20591D61E5E80064E6C1 /* RTSAnalyticsPageViewDataSource.h in Headers */,
				E69A20511D61E5E80064E6C1 /* NSString+RTSAnalytics.h in Headers */,
				E69A20581D61E5E80064E6C1 /* RTSAnalyticsNetmetrixTracker_private.h in Headers */,
				E69A20531D61E5E80064E6C1 /* RTSAnalyticsComScoreTracker.h in Headers */,
				E69A205B1D61E5E80064E6C1 /* RTSAnalyticsTracker+Logging_private.h in Headers */,
			);
			runOnlyForDeploymentPostprocessing = 0;
		};
/* End PBXHeadersBuildPhase section */

/* Begin PBXNativeTarget section */
		E61C0D541D61E9CD00AEAE6D /* SRGAnalytics_MediaPlayer */ = {
			isa = PBXNativeTarget;
			buildConfigurationList = E61C0D5D1D61E9CD00AEAE6D /* Build configuration list for PBXNativeTarget "SRGAnalytics_MediaPlayer" */;
			buildPhases = (
				D6AC01BF089A4743C40F0E94 /* [CP] Check Pods Manifest.lock */,
				E61C0D501D61E9CD00AEAE6D /* Sources */,
				E61C0D511D61E9CD00AEAE6D /* Frameworks */,
				E61C0D521D61E9CD00AEAE6D /* Headers */,
				E61C0D531D61E9CD00AEAE6D /* Resources */,
				242645D6F24EC047AF45B8C3 /* [CP] Copy Pods Resources */,
			);
			buildRules = (
			);
			dependencies = (
			);
			name = SRGAnalytics_MediaPlayer;
			productName = SRGMediaPlayerAnalytics;
			productReference = E61C0D551D61E9CD00AEAE6D /* SRGAnalytics_MediaPlayer.framework */;
			productType = "com.apple.product-type.framework";
		};
		E69A1FF21D61E2070064E6C1 /* SRGAnalytics */ = {
			isa = PBXNativeTarget;
			buildConfigurationList = E69A1FF81D61E2070064E6C1 /* Build configuration list for PBXNativeTarget "SRGAnalytics" */;
			buildPhases = (
				F77D352E41838672FF8BBF19 /* [CP] Check Pods Manifest.lock */,
				E69A1FEE1D61E2070064E6C1 /* Sources */,
				E69A1FEF1D61E2070064E6C1 /* Frameworks */,
				E69A1FF01D61E2070064E6C1 /* Headers */,
				E69A1FF11D61E2070064E6C1 /* Resources */,
				4AA0FF6008AB0426D2849376 /* [CP] Copy Pods Resources */,
			);
			buildRules = (
			);
			dependencies = (
			);
			name = SRGAnalytics;
			productName = SRGAnalytics;
			productReference = E69A1FF31D61E2070064E6C1 /* SRGAnalytics.framework */;
			productType = "com.apple.product-type.framework";
		};
/* End PBXNativeTarget section */

/* Begin PBXProject section */
		9F1518B31AC2F1CE00AE051D /* Project object */ = {
			isa = PBXProject;
			attributes = {
				CLASSPREFIX = RTS;
				LastUpgradeCheck = 0700;
				ORGANIZATIONNAME = "SRG SSR";
				TargetAttributes = {
					E61C0D541D61E9CD00AEAE6D = {
						CreatedOnToolsVersion = 7.3.1;
					};
					E69A1FF21D61E2070064E6C1 = {
						CreatedOnToolsVersion = 7.3.1;
					};
				};
			};
			buildConfigurationList = 9F1518B61AC2F1CE00AE051D /* Build configuration list for PBXProject "SRGAnalytics" */;
			compatibilityVersion = "Xcode 3.2";
			developmentRegion = English;
			hasScannedForEncodings = 0;
			knownRegions = (
				en,
			);
			mainGroup = 9F1518B21AC2F1CE00AE051D;
			productRefGroup = 9F1518BC1AC2F1CE00AE051D /* Products */;
			projectDirPath = "";
			projectRoot = "";
			targets = (
				E69A1FF21D61E2070064E6C1 /* SRGAnalytics */,
				E61C0D541D61E9CD00AEAE6D /* SRGAnalytics_MediaPlayer */,
			);
		};
/* End PBXProject section */

/* Begin PBXResourcesBuildPhase section */
		E61C0D531D61E9CD00AEAE6D /* Resources */ = {
			isa = PBXResourcesBuildPhase;
			buildActionMask = 2147483647;
			files = (
			);
			runOnlyForDeploymentPostprocessing = 0;
		};
		E69A1FF11D61E2070064E6C1 /* Resources */ = {
			isa = PBXResourcesBuildPhase;
			buildActionMask = 2147483647;
			files = (
			);
			runOnlyForDeploymentPostprocessing = 0;
		};
/* End PBXResourcesBuildPhase section */

/* Begin PBXShellScriptBuildPhase section */
		242645D6F24EC047AF45B8C3 /* [CP] Copy Pods Resources */ = {
			isa = PBXShellScriptBuildPhase;
			buildActionMask = 2147483647;
			files = (
			);
			inputPaths = (
			);
			name = "[CP] Copy Pods Resources";
			outputPaths = (
			);
			runOnlyForDeploymentPostprocessing = 0;
			shellPath = /bin/sh;
			shellScript = "\"${SRCROOT}/Pods/Target Support Files/Pods-SRGAnalytics_MediaPlayer/Pods-SRGAnalytics_MediaPlayer-resources.sh\"\n";
			showEnvVarsInLog = 0;
		};
		4AA0FF6008AB0426D2849376 /* [CP] Copy Pods Resources */ = {
			isa = PBXShellScriptBuildPhase;
			buildActionMask = 2147483647;
			files = (
			);
			inputPaths = (
			);
			name = "[CP] Copy Pods Resources";
			outputPaths = (
			);
			runOnlyForDeploymentPostprocessing = 0;
			shellPath = /bin/sh;
			shellScript = "\"${SRCROOT}/Pods/Target Support Files/Pods-SRGAnalytics/Pods-SRGAnalytics-resources.sh\"\n";
			showEnvVarsInLog = 0;
		};
		D6AC01BF089A4743C40F0E94 /* [CP] Check Pods Manifest.lock */ = {
			isa = PBXShellScriptBuildPhase;
			buildActionMask = 2147483647;
			files = (
			);
			inputPaths = (
			);
			name = "[CP] Check Pods Manifest.lock";
			outputPaths = (
			);
			runOnlyForDeploymentPostprocessing = 0;
			shellPath = /bin/sh;
			shellScript = "diff \"${PODS_ROOT}/../Podfile.lock\" \"${PODS_ROOT}/Manifest.lock\" > /dev/null\nif [[ $? != 0 ]] ; then\n    cat << EOM\nerror: The sandbox is not in sync with the Podfile.lock. Run 'pod install' or update your CocoaPods installation.\nEOM\n    exit 1\nfi\n";
			showEnvVarsInLog = 0;
		};
		F77D352E41838672FF8BBF19 /* [CP] Check Pods Manifest.lock */ = {
			isa = PBXShellScriptBuildPhase;
			buildActionMask = 2147483647;
			files = (
			);
			inputPaths = (
			);
			name = "[CP] Check Pods Manifest.lock";
			outputPaths = (
			);
			runOnlyForDeploymentPostprocessing = 0;
			shellPath = /bin/sh;
			shellScript = "diff \"${PODS_ROOT}/../Podfile.lock\" \"${PODS_ROOT}/Manifest.lock\" > /dev/null\nif [[ $? != 0 ]] ; then\n    cat << EOM\nerror: The sandbox is not in sync with the Podfile.lock. Run 'pod install' or update your CocoaPods installation.\nEOM\n    exit 1\nfi\n";
			showEnvVarsInLog = 0;
		};
/* End PBXShellScriptBuildPhase section */

/* Begin PBXSourcesBuildPhase section */
		E61C0D501D61E9CD00AEAE6D /* Sources */ = {
			isa = PBXSourcesBuildPhase;
			buildActionMask = 2147483647;
			files = (
				E61C0D6E1D61EFD200AEAE6D /* RTSMediaPlayerController+RTSAnalytics.m in Sources */,
				E61C0D711D61EFD200AEAE6D /* RTSMediaPlayerControllerTracker.m in Sources */,
				E61C0D741D61EFD200AEAE6D /* RTSMediaPlayerControllerTrackingInfo.m in Sources */,
				E61C0D6F1D61EFD200AEAE6D /* RTSMediaPlayerControllerStreamSenseTracker.m in Sources */,
			);
			runOnlyForDeploymentPostprocessing = 0;
		};
		E69A1FEE1D61E2070064E6C1 /* Sources */ = {
			isa = PBXSourcesBuildPhase;
			buildActionMask = 2147483647;
			files = (
				E69A20541D61E5E80064E6C1 /* RTSAnalyticsLogger.m in Sources */,
				E69A204E1D61E5E80064E6C1 /* CSStreamSensePlaylist+RTSFixes.m in Sources */,
				E69A20501D61E5E80064E6C1 /* NSDictionary+RTSAnalytics.m in Sources */,
				E69A20521D61E5E80064E6C1 /* NSString+RTSAnalytics.m in Sources */,
				E69A205A1D61E5E80064E6C1 /* RTSAnalyticsTracker+Logging.m in Sources */,
				E69A204C1D61E5E80064E6C1 /* CSStreamSense+RTSFixes.m in Sources */,
				E69A204A1D61E5E80064E6C1 /* CSRequest+RTSAnalytics.m in Sources */,
				E69A205D1D61E5E80064E6C1 /* RTSAnalyticsTracker.m in Sources */,
				E69A20571D61E5E80064E6C1 /* RTSAnalyticsNetmetrixTracker.m in Sources */,
				E69A204D1D61E5E80064E6C1 /* CSStreamSenseClip+RTSFixes.m in Sources */,
				E69A20611D61E5E80064E6C1 /* UIViewController+RTSAnalytics.m in Sources */,
			);
			runOnlyForDeploymentPostprocessing = 0;
		};
/* End PBXSourcesBuildPhase section */

/* Begin XCBuildConfiguration section */
		9F01791A1B440579005DA9E3 /* Test */ = {
			isa = XCBuildConfiguration;
			buildSettings = {
				ALWAYS_SEARCH_USER_PATHS = NO;
				CLANG_CXX_LANGUAGE_STANDARD = "gnu++0x";
				CLANG_CXX_LIBRARY = "libc++";
				CLANG_ENABLE_MODULES = YES;
				CLANG_ENABLE_OBJC_ARC = YES;
				CLANG_WARN_BOOL_CONVERSION = YES;
				CLANG_WARN_CONSTANT_CONVERSION = YES;
				CLANG_WARN_DIRECT_OBJC_ISA_USAGE = YES_ERROR;
				CLANG_WARN_EMPTY_BODY = YES;
				CLANG_WARN_ENUM_CONVERSION = YES;
				CLANG_WARN_INT_CONVERSION = YES;
				CLANG_WARN_OBJC_ROOT_CLASS = YES_ERROR;
				CLANG_WARN_UNREACHABLE_CODE = YES;
				CLANG_WARN__DUPLICATE_METHOD_MATCH = YES;
				COPY_PHASE_STRIP = NO;
				ENABLE_STRICT_OBJC_MSGSEND = YES;
				GCC_C_LANGUAGE_STANDARD = gnu99;
				GCC_DYNAMIC_NO_PIC = NO;
				GCC_OPTIMIZATION_LEVEL = 0;
				GCC_PREPROCESSOR_DEFINITIONS = (
					"DEBUG=1",
					"$(inherited)",
				);
				GCC_SYMBOLS_PRIVATE_EXTERN = NO;
				GCC_WARN_64_TO_32_BIT_CONVERSION = YES;
				GCC_WARN_ABOUT_RETURN_TYPE = YES_ERROR;
				GCC_WARN_UNDECLARED_SELECTOR = YES;
				GCC_WARN_UNINITIALIZED_AUTOS = YES_AGGRESSIVE;
				GCC_WARN_UNUSED_FUNCTION = YES;
				GCC_WARN_UNUSED_VARIABLE = YES;
				IPHONEOS_DEPLOYMENT_TARGET = 8.0;
				MTL_ENABLE_DEBUG_INFO = YES;
				ONLY_ACTIVE_ARCH = YES;
				SDKROOT = iphoneos;
			};
			name = Test;
		};
		9F1518CD1AC2F1CE00AE051D /* Debug */ = {
			isa = XCBuildConfiguration;
			buildSettings = {
				ALWAYS_SEARCH_USER_PATHS = NO;
				CLANG_CXX_LANGUAGE_STANDARD = "gnu++0x";
				CLANG_CXX_LIBRARY = "libc++";
				CLANG_ENABLE_MODULES = YES;
				CLANG_ENABLE_OBJC_ARC = YES;
				CLANG_WARN_BOOL_CONVERSION = YES;
				CLANG_WARN_CONSTANT_CONVERSION = YES;
				CLANG_WARN_DIRECT_OBJC_ISA_USAGE = YES_ERROR;
				CLANG_WARN_EMPTY_BODY = YES;
				CLANG_WARN_ENUM_CONVERSION = YES;
				CLANG_WARN_INT_CONVERSION = YES;
				CLANG_WARN_OBJC_ROOT_CLASS = YES_ERROR;
				CLANG_WARN_UNREACHABLE_CODE = YES;
				CLANG_WARN__DUPLICATE_METHOD_MATCH = YES;
				COPY_PHASE_STRIP = NO;
				ENABLE_STRICT_OBJC_MSGSEND = YES;
				ENABLE_TESTABILITY = YES;
				GCC_C_LANGUAGE_STANDARD = gnu99;
				GCC_DYNAMIC_NO_PIC = NO;
				GCC_OPTIMIZATION_LEVEL = 0;
				GCC_PREPROCESSOR_DEFINITIONS = (
					"DEBUG=1",
					"$(inherited)",
				);
				GCC_SYMBOLS_PRIVATE_EXTERN = NO;
				GCC_WARN_64_TO_32_BIT_CONVERSION = YES;
				GCC_WARN_ABOUT_RETURN_TYPE = YES_ERROR;
				GCC_WARN_UNDECLARED_SELECTOR = YES;
				GCC_WARN_UNINITIALIZED_AUTOS = YES_AGGRESSIVE;
				GCC_WARN_UNUSED_FUNCTION = YES;
				GCC_WARN_UNUSED_VARIABLE = YES;
				IPHONEOS_DEPLOYMENT_TARGET = 8.0;
				MTL_ENABLE_DEBUG_INFO = YES;
				ONLY_ACTIVE_ARCH = YES;
				SDKROOT = iphoneos;
			};
			name = Debug;
		};
		9F1518CE1AC2F1CE00AE051D /* Release */ = {
			isa = XCBuildConfiguration;
			buildSettings = {
				ALWAYS_SEARCH_USER_PATHS = NO;
				CLANG_CXX_LANGUAGE_STANDARD = "gnu++0x";
				CLANG_CXX_LIBRARY = "libc++";
				CLANG_ENABLE_MODULES = YES;
				CLANG_ENABLE_OBJC_ARC = YES;
				CLANG_WARN_BOOL_CONVERSION = YES;
				CLANG_WARN_CONSTANT_CONVERSION = YES;
				CLANG_WARN_DIRECT_OBJC_ISA_USAGE = YES_ERROR;
				CLANG_WARN_EMPTY_BODY = YES;
				CLANG_WARN_ENUM_CONVERSION = YES;
				CLANG_WARN_INT_CONVERSION = YES;
				CLANG_WARN_OBJC_ROOT_CLASS = YES_ERROR;
				CLANG_WARN_UNREACHABLE_CODE = YES;
				CLANG_WARN__DUPLICATE_METHOD_MATCH = YES;
				COPY_PHASE_STRIP = NO;
				ENABLE_NS_ASSERTIONS = NO;
				ENABLE_STRICT_OBJC_MSGSEND = YES;
				GCC_C_LANGUAGE_STANDARD = gnu99;
				GCC_WARN_64_TO_32_BIT_CONVERSION = YES;
				GCC_WARN_ABOUT_RETURN_TYPE = YES_ERROR;
				GCC_WARN_UNDECLARED_SELECTOR = YES;
				GCC_WARN_UNINITIALIZED_AUTOS = YES_AGGRESSIVE;
				GCC_WARN_UNUSED_FUNCTION = YES;
				GCC_WARN_UNUSED_VARIABLE = YES;
				IPHONEOS_DEPLOYMENT_TARGET = 8.0;
				MTL_ENABLE_DEBUG_INFO = NO;
				SDKROOT = iphoneos;
				VALIDATE_PRODUCT = YES;
			};
			name = Release;
		};
		E61C0D5A1D61E9CD00AEAE6D /* Debug */ = {
			isa = XCBuildConfiguration;
			baseConfigurationReference = 30C70A0420FC9078615C98B3 /* Pods-SRGAnalytics_MediaPlayer.debug.xcconfig */;
			buildSettings = {
				CLANG_ANALYZER_NONNULL = YES;
				"CODE_SIGN_IDENTITY[sdk=iphoneos*]" = "iPhone Developer";
				CURRENT_PROJECT_VERSION = 1;
				DEBUG_INFORMATION_FORMAT = dwarf;
				DEFINES_MODULE = YES;
				DYLIB_COMPATIBILITY_VERSION = 1;
				DYLIB_CURRENT_VERSION = 1;
				DYLIB_INSTALL_NAME_BASE = "@rpath";
				FRAMEWORK_SEARCH_PATHS = (
					"$(inherited)",
					"$(PROJECT_DIR)/Carthage/Build/iOS",
				);
				GCC_NO_COMMON_BLOCKS = YES;
				INFOPLIST_FILE = Framework_MediaPlayer/Info.plist;
				INSTALL_PATH = "$(LOCAL_LIBRARY_DIR)/Frameworks";
				LD_RUNPATH_SEARCH_PATHS = "$(inherited) @executable_path/Frameworks @loader_path/Frameworks";
				PRODUCT_BUNDLE_IDENTIFIER = ch.srgssr.SRGMediaPlayerAnalytics;
				PRODUCT_NAME = "$(TARGET_NAME)";
				SKIP_INSTALL = YES;
				TARGETED_DEVICE_FAMILY = "1,2";
				VERSIONING_SYSTEM = "apple-generic";
				VERSION_INFO_PREFIX = "";
			};
			name = Debug;
		};
		E61C0D5B1D61E9CD00AEAE6D /* Test */ = {
			isa = XCBuildConfiguration;
			baseConfigurationReference = 02B68D903754ACC449AA2D22 /* Pods-SRGAnalytics_MediaPlayer.test.xcconfig */;
			buildSettings = {
				CLANG_ANALYZER_NONNULL = YES;
				"CODE_SIGN_IDENTITY[sdk=iphoneos*]" = "iPhone Developer";
				CURRENT_PROJECT_VERSION = 1;
				DEBUG_INFORMATION_FORMAT = "dwarf-with-dsym";
				DEFINES_MODULE = YES;
				DYLIB_COMPATIBILITY_VERSION = 1;
				DYLIB_CURRENT_VERSION = 1;
				DYLIB_INSTALL_NAME_BASE = "@rpath";
				FRAMEWORK_SEARCH_PATHS = (
					"$(inherited)",
					"$(PROJECT_DIR)/Carthage/Build/iOS",
				);
				GCC_NO_COMMON_BLOCKS = YES;
				INFOPLIST_FILE = Framework_MediaPlayer/Info.plist;
				INSTALL_PATH = "$(LOCAL_LIBRARY_DIR)/Frameworks";
				LD_RUNPATH_SEARCH_PATHS = "$(inherited) @executable_path/Frameworks @loader_path/Frameworks";
				PRODUCT_BUNDLE_IDENTIFIER = ch.srgssr.SRGMediaPlayerAnalytics;
				PRODUCT_NAME = "$(TARGET_NAME)";
				SKIP_INSTALL = YES;
				TARGETED_DEVICE_FAMILY = "1,2";
				VERSIONING_SYSTEM = "apple-generic";
				VERSION_INFO_PREFIX = "";
			};
			name = Test;
		};
		E61C0D5C1D61E9CD00AEAE6D /* Release */ = {
			isa = XCBuildConfiguration;
			baseConfigurationReference = 2D7BB06E60030BAF23DB10AE /* Pods-SRGAnalytics_MediaPlayer.release.xcconfig */;
			buildSettings = {
				CLANG_ANALYZER_NONNULL = YES;
				"CODE_SIGN_IDENTITY[sdk=iphoneos*]" = "iPhone Developer";
				CURRENT_PROJECT_VERSION = 1;
				DEBUG_INFORMATION_FORMAT = "dwarf-with-dsym";
				DEFINES_MODULE = YES;
				DYLIB_COMPATIBILITY_VERSION = 1;
				DYLIB_CURRENT_VERSION = 1;
				DYLIB_INSTALL_NAME_BASE = "@rpath";
				FRAMEWORK_SEARCH_PATHS = (
					"$(inherited)",
					"$(PROJECT_DIR)/Carthage/Build/iOS",
				);
				GCC_NO_COMMON_BLOCKS = YES;
				INFOPLIST_FILE = Framework_MediaPlayer/Info.plist;
				INSTALL_PATH = "$(LOCAL_LIBRARY_DIR)/Frameworks";
				LD_RUNPATH_SEARCH_PATHS = "$(inherited) @executable_path/Frameworks @loader_path/Frameworks";
				PRODUCT_BUNDLE_IDENTIFIER = ch.srgssr.SRGMediaPlayerAnalytics;
				PRODUCT_NAME = "$(TARGET_NAME)";
				SKIP_INSTALL = YES;
				TARGETED_DEVICE_FAMILY = "1,2";
				VERSIONING_SYSTEM = "apple-generic";
				VERSION_INFO_PREFIX = "";
			};
			name = Release;
		};
		E69A1FF91D61E2070064E6C1 /* Debug */ = {
			isa = XCBuildConfiguration;
			baseConfigurationReference = 7935F999ED64CE1691E22C28 /* Pods-SRGAnalytics.debug.xcconfig */;
			buildSettings = {
				CLANG_ANALYZER_NONNULL = YES;
				"CODE_SIGN_IDENTITY[sdk=iphoneos*]" = "iPhone Developer";
				CURRENT_PROJECT_VERSION = 1;
				DEBUG_INFORMATION_FORMAT = dwarf;
				DEFINES_MODULE = YES;
				DYLIB_COMPATIBILITY_VERSION = 1;
				DYLIB_CURRENT_VERSION = 1;
				DYLIB_INSTALL_NAME_BASE = "@rpath";
				FRAMEWORK_SEARCH_PATHS = (
					"$(inherited)",
					"$(PROJECT_DIR)/Carthage/Build/iOS",
				);
				GCC_NO_COMMON_BLOCKS = YES;
				INFOPLIST_FILE = Framework/Info.plist;
				INSTALL_PATH = "$(LOCAL_LIBRARY_DIR)/Frameworks";
				LD_RUNPATH_SEARCH_PATHS = "$(inherited) @executable_path/Frameworks @loader_path/Frameworks";
				PRODUCT_BUNDLE_IDENTIFIER = ch.srgssr.SRGAnalytics;
				PRODUCT_NAME = "$(TARGET_NAME)";
				SKIP_INSTALL = YES;
				TARGETED_DEVICE_FAMILY = "1,2";
				VERSIONING_SYSTEM = "apple-generic";
				VERSION_INFO_PREFIX = "";
			};
			name = Debug;
		};
		E69A1FFA1D61E2070064E6C1 /* Test */ = {
			isa = XCBuildConfiguration;
			baseConfigurationReference = A453D907F21345EDCA26CB83 /* Pods-SRGAnalytics.test.xcconfig */;
			buildSettings = {
				CLANG_ANALYZER_NONNULL = YES;
				"CODE_SIGN_IDENTITY[sdk=iphoneos*]" = "iPhone Developer";
				CURRENT_PROJECT_VERSION = 1;
				DEBUG_INFORMATION_FORMAT = "dwarf-with-dsym";
				DEFINES_MODULE = YES;
				DYLIB_COMPATIBILITY_VERSION = 1;
				DYLIB_CURRENT_VERSION = 1;
				DYLIB_INSTALL_NAME_BASE = "@rpath";
				FRAMEWORK_SEARCH_PATHS = (
					"$(inherited)",
					"$(PROJECT_DIR)/Carthage/Build/iOS",
				);
				GCC_NO_COMMON_BLOCKS = YES;
				INFOPLIST_FILE = Framework/Info.plist;
				INSTALL_PATH = "$(LOCAL_LIBRARY_DIR)/Frameworks";
				LD_RUNPATH_SEARCH_PATHS = "$(inherited) @executable_path/Frameworks @loader_path/Frameworks";
				PRODUCT_BUNDLE_IDENTIFIER = ch.srgssr.SRGAnalytics;
				PRODUCT_NAME = "$(TARGET_NAME)";
				SKIP_INSTALL = YES;
				TARGETED_DEVICE_FAMILY = "1,2";
				VERSIONING_SYSTEM = "apple-generic";
				VERSION_INFO_PREFIX = "";
			};
			name = Test;
		};
		E69A1FFB1D61E2070064E6C1 /* Release */ = {
			isa = XCBuildConfiguration;
			baseConfigurationReference = 5ECF9264728529B828939D61 /* Pods-SRGAnalytics.release.xcconfig */;
			buildSettings = {
				CLANG_ANALYZER_NONNULL = YES;
				"CODE_SIGN_IDENTITY[sdk=iphoneos*]" = "iPhone Developer";
				CURRENT_PROJECT_VERSION = 1;
				DEBUG_INFORMATION_FORMAT = "dwarf-with-dsym";
				DEFINES_MODULE = YES;
				DYLIB_COMPATIBILITY_VERSION = 1;
				DYLIB_CURRENT_VERSION = 1;
				DYLIB_INSTALL_NAME_BASE = "@rpath";
				FRAMEWORK_SEARCH_PATHS = (
					"$(inherited)",
					"$(PROJECT_DIR)/Carthage/Build/iOS",
				);
				GCC_NO_COMMON_BLOCKS = YES;
				INFOPLIST_FILE = Framework/Info.plist;
				INSTALL_PATH = "$(LOCAL_LIBRARY_DIR)/Frameworks";
				LD_RUNPATH_SEARCH_PATHS = "$(inherited) @executable_path/Frameworks @loader_path/Frameworks";
				PRODUCT_BUNDLE_IDENTIFIER = ch.srgssr.SRGAnalytics;
				PRODUCT_NAME = "$(TARGET_NAME)";
				SKIP_INSTALL = YES;
				TARGETED_DEVICE_FAMILY = "1,2";
				VERSIONING_SYSTEM = "apple-generic";
				VERSION_INFO_PREFIX = "";
			};
			name = Release;
		};
/* End XCBuildConfiguration section */

/* Begin XCConfigurationList section */
		9F1518B61AC2F1CE00AE051D /* Build configuration list for PBXProject "SRGAnalytics" */ = {
			isa = XCConfigurationList;
			buildConfigurations = (
				9F1518CD1AC2F1CE00AE051D /* Debug */,
				9F01791A1B440579005DA9E3 /* Test */,
				9F1518CE1AC2F1CE00AE051D /* Release */,
			);
			defaultConfigurationIsVisible = 0;
			defaultConfigurationName = Release;
		};
		E61C0D5D1D61E9CD00AEAE6D /* Build configuration list for PBXNativeTarget "SRGAnalytics_MediaPlayer" */ = {
			isa = XCConfigurationList;
			buildConfigurations = (
				E61C0D5A1D61E9CD00AEAE6D /* Debug */,
				E61C0D5B1D61E9CD00AEAE6D /* Test */,
				E61C0D5C1D61E9CD00AEAE6D /* Release */,
			);
			defaultConfigurationIsVisible = 0;
			defaultConfigurationName = Release;
		};
		E69A1FF81D61E2070064E6C1 /* Build configuration list for PBXNativeTarget "SRGAnalytics" */ = {
			isa = XCConfigurationList;
			buildConfigurations = (
				E69A1FF91D61E2070064E6C1 /* Debug */,
				E69A1FFA1D61E2070064E6C1 /* Test */,
				E69A1FFB1D61E2070064E6C1 /* Release */,
			);
			defaultConfigurationIsVisible = 0;
			defaultConfigurationName = Release;
		};
/* End XCConfigurationList section */
	};
	rootObject = 9F1518B31AC2F1CE00AE051D /* Project object */;
}
