// !$*UTF8*$!
{
	archiveVersion = 1;
	classes = {
	};
	objectVersion = 46;
	objects = {

/* Begin PBXBuildFile section */
		9FD74D3F1ACC2BEC00A2D86A /* RTSAnalyticsTrackerTest.m in Sources */ = {isa = PBXBuildFile; fileRef = 9FD74D3E1ACC2BEC00A2D86A /* RTSAnalyticsTrackerTest.m */; };
		9FD74D411ACC2DDC00A2D86A /* CFNetwork.framework in Frameworks */ = {isa = PBXBuildFile; fileRef = 9FD74D401ACC2DDC00A2D86A /* CFNetwork.framework */; };
		9FD74D431ACC2DF900A2D86A /* SystemConfiguration.framework in Frameworks */ = {isa = PBXBuildFile; fileRef = 9FD74D421ACC2DF900A2D86A /* SystemConfiguration.framework */; };
		BE01E81D6872B76DC37D16CE /* libPods-SRGAnalytics.a in Frameworks */ = {isa = PBXBuildFile; fileRef = 4DE4FDAD89AA57F771ED6D80 /* libPods-SRGAnalytics.a */; };
		DD5EC8398BB64100B4EDBE24 /* libPods-SRGAnalyticsTests.a in Frameworks */ = {isa = PBXBuildFile; fileRef = 32958D0E53FCE9FFF8C4269A /* libPods-SRGAnalyticsTests.a */; };
		E6C7A7741CA134670011D9BF /* CSStreamSenseClip+RTSFixes.m in Sources */ = {isa = PBXBuildFile; fileRef = E6C7A7711CA134670011D9BF /* CSStreamSenseClip+RTSFixes.m */; };
		E6C7A7791CA134B80011D9BF /* CSStreamSense+RTSFixes.m in Sources */ = {isa = PBXBuildFile; fileRef = E6C7A7761CA134B80011D9BF /* CSStreamSense+RTSFixes.m */; };
		E6C7A77B1CA134B80011D9BF /* CSStreamSensePlaylist+RTSFixes.m in Sources */ = {isa = PBXBuildFile; fileRef = E6C7A7781CA134B80011D9BF /* CSStreamSensePlaylist+RTSFixes.m */; };
		E6C7A77C1CA143660011D9BF /* RTSAnalyticsTracker.m in Sources */ = {isa = PBXBuildFile; fileRef = B64502AF1ADE81F9001021A8 /* RTSAnalyticsTracker.m */; };
		E6C7A77D1CA1436C0011D9BF /* UIViewController+RTSAnalytics.m in Sources */ = {isa = PBXBuildFile; fileRef = 9F4420F31B09DB2F00AD0613 /* UIViewController+RTSAnalytics.m */; };
		E6C7A77E1CA143760011D9BF /* RTSAnalyticsNetmetrixTracker.m in Sources */ = {isa = PBXBuildFile; fileRef = B64502A91ADE81F9001021A8 /* RTSAnalyticsNetmetrixTracker.m */; };
		E6C7A77F1CA1437A0011D9BF /* RTSMediaPlayerControllerStreamSenseTracker.m in Sources */ = {isa = PBXBuildFile; fileRef = B64503161ADFA753001021A8 /* RTSMediaPlayerControllerStreamSenseTracker.m */; };
		E6C7A7801CA1437C0011D9BF /* RTSMediaPlayerControllerTracker.m in Sources */ = {isa = PBXBuildFile; fileRef = B64503141ADFA753001021A8 /* RTSMediaPlayerControllerTracker.m */; };
		E6C7A7811CA1437F0011D9BF /* RTSMediaPlayerControllerTrackingInfo.m in Sources */ = {isa = PBXBuildFile; fileRef = E6F471921B5D2C9200A566B3 /* RTSMediaPlayerControllerTrackingInfo.m */; };
		E6C7A7821CA143820011D9BF /* RTSAnalyticsVersion.m in Sources */ = {isa = PBXBuildFile; fileRef = E6F0237A1B328F59001B6F0B /* RTSAnalyticsVersion.m */; };
		E6C7A7831CA143850011D9BF /* RTSAnalyticsLogger.m in Sources */ = {isa = PBXBuildFile; fileRef = C2332DA91B2880EB00AA21BB /* RTSAnalyticsLogger.m */; };
		E6C7A7841CA1438A0011D9BF /* RTSAnalyticsTracker+Logging.m in Sources */ = {isa = PBXBuildFile; fileRef = B64502B11ADE81F9001021A8 /* RTSAnalyticsTracker+Logging.m */; };
		E6C7A7851CA1438A0011D9BF /* CSRequest+RTSAnalytics.m in Sources */ = {isa = PBXBuildFile; fileRef = 9F4420ED1B09DB2F00AD0613 /* CSRequest+RTSAnalytics.m */; };
		E6C7A7861CA1438A0011D9BF /* NSDictionary+RTSAnalytics.m in Sources */ = {isa = PBXBuildFile; fileRef = 9F4420EF1B09DB2F00AD0613 /* NSDictionary+RTSAnalytics.m */; };
		E6C7A7871CA1438A0011D9BF /* NSString+RTSAnalytics.m in Sources */ = {isa = PBXBuildFile; fileRef = 9F4420F11B09DB2F00AD0613 /* NSString+RTSAnalytics.m */; };
		E6C7A7881CA145D60011D9BF /* RTSMediaPlayerController+RTSAnalytics.m in Sources */ = {isa = PBXBuildFile; fileRef = E67165131BF1FD4000A07776 /* RTSMediaPlayerController+RTSAnalytics.m */; };
/* End PBXBuildFile section */

/* Begin PBXContainerItemProxy section */
		9FDFB4221BEB625600A7E4E0 /* PBXContainerItemProxy */ = {
			isa = PBXContainerItemProxy;
			containerPortal = 9F1518B31AC2F1CE00AE051D /* Project object */;
			proxyType = 1;
			remoteGlobalIDString = 9F4DA2281BEB609100C6FA25;
			remoteInfo = SRGAnalytics;
		};
/* End PBXContainerItemProxy section */

/* Begin PBXCopyFilesBuildPhase section */
		9F4DA2271BEB609100C6FA25 /* CopyFiles */ = {
			isa = PBXCopyFilesBuildPhase;
			buildActionMask = 2147483647;
			dstPath = "include/$(PRODUCT_NAME)";
			dstSubfolderSpec = 16;
			files = (
			);
			runOnlyForDeploymentPostprocessing = 0;
		};
/* End PBXCopyFilesBuildPhase section */

/* Begin PBXFileReference section */
		32958D0E53FCE9FFF8C4269A /* libPods-SRGAnalyticsTests.a */ = {isa = PBXFileReference; explicitFileType = archive.ar; includeInIndex = 0; path = "libPods-SRGAnalyticsTests.a"; sourceTree = BUILT_PRODUCTS_DIR; };
		4DE4FDAD89AA57F771ED6D80 /* libPods-SRGAnalytics.a */ = {isa = PBXFileReference; explicitFileType = archive.ar; includeInIndex = 0; path = "libPods-SRGAnalytics.a"; sourceTree = BUILT_PRODUCTS_DIR; };
		5ECF9264728529B828939D61 /* Pods-SRGAnalytics.release.xcconfig */ = {isa = PBXFileReference; includeInIndex = 1; lastKnownFileType = text.xcconfig; name = "Pods-SRGAnalytics.release.xcconfig"; path = "Pods/Target Support Files/Pods-SRGAnalytics/Pods-SRGAnalytics.release.xcconfig"; sourceTree = "<group>"; };
		6649695D19ABE4BA922528A7 /* Pods-SRGAnalyticsTests.release.xcconfig */ = {isa = PBXFileReference; includeInIndex = 1; lastKnownFileType = text.xcconfig; name = "Pods-SRGAnalyticsTests.release.xcconfig"; path = "Pods/Target Support Files/Pods-SRGAnalyticsTests/Pods-SRGAnalyticsTests.release.xcconfig"; sourceTree = "<group>"; };
		7935F999ED64CE1691E22C28 /* Pods-SRGAnalytics.debug.xcconfig */ = {isa = PBXFileReference; includeInIndex = 1; lastKnownFileType = text.xcconfig; name = "Pods-SRGAnalytics.debug.xcconfig"; path = "Pods/Target Support Files/Pods-SRGAnalytics/Pods-SRGAnalytics.debug.xcconfig"; sourceTree = "<group>"; };
		9F1518C61AC2F1CE00AE051D /* SRGAnalyticsTests.xctest */ = {isa = PBXFileReference; explicitFileType = wrapper.cfbundle; includeInIndex = 0; path = SRGAnalyticsTests.xctest; sourceTree = BUILT_PRODUCTS_DIR; };
		9F1518CC1AC2F1CE00AE051D /* Info.plist */ = {isa = PBXFileReference; lastKnownFileType = text.plist.xml; path = Info.plist; sourceTree = "<group>"; };
		9F1519211AC422AE00AE051D /* UIKit.framework */ = {isa = PBXFileReference; lastKnownFileType = wrapper.framework; name = UIKit.framework; path = System/Library/Frameworks/UIKit.framework; sourceTree = SDKROOT; };
		9F1519231AC422B800AE051D /* Foundation.framework */ = {isa = PBXFileReference; lastKnownFileType = wrapper.framework; name = Foundation.framework; path = System/Library/Frameworks/Foundation.framework; sourceTree = SDKROOT; };
		9F4420EC1B09DB2F00AD0613 /* CSRequest+RTSAnalytics_private.h */ = {isa = PBXFileReference; fileEncoding = 4; lastKnownFileType = sourcecode.c.h; lineEnding = 0; name = "CSRequest+RTSAnalytics_private.h"; path = "RTSAnalytics/Core/CSRequest+RTSAnalytics_private.h"; sourceTree = SOURCE_ROOT; };
		9F4420ED1B09DB2F00AD0613 /* CSRequest+RTSAnalytics.m */ = {isa = PBXFileReference; fileEncoding = 4; lastKnownFileType = sourcecode.c.objc; lineEnding = 0; name = "CSRequest+RTSAnalytics.m"; path = "RTSAnalytics/Core/CSRequest+RTSAnalytics.m"; sourceTree = SOURCE_ROOT; };
		9F4420EE1B09DB2F00AD0613 /* NSDictionary+RTSAnalytics.h */ = {isa = PBXFileReference; fileEncoding = 4; lastKnownFileType = sourcecode.c.h; name = "NSDictionary+RTSAnalytics.h"; path = "RTSAnalytics/Core/NSDictionary+RTSAnalytics.h"; sourceTree = SOURCE_ROOT; };
		9F4420EF1B09DB2F00AD0613 /* NSDictionary+RTSAnalytics.m */ = {isa = PBXFileReference; fileEncoding = 4; lastKnownFileType = sourcecode.c.objc; name = "NSDictionary+RTSAnalytics.m"; path = "RTSAnalytics/Core/NSDictionary+RTSAnalytics.m"; sourceTree = SOURCE_ROOT; };
		9F4420F01B09DB2F00AD0613 /* NSString+RTSAnalytics.h */ = {isa = PBXFileReference; fileEncoding = 4; lastKnownFileType = sourcecode.c.h; name = "NSString+RTSAnalytics.h"; path = "RTSAnalytics/Core/NSString+RTSAnalytics.h"; sourceTree = SOURCE_ROOT; };
		9F4420F11B09DB2F00AD0613 /* NSString+RTSAnalytics.m */ = {isa = PBXFileReference; fileEncoding = 4; lastKnownFileType = sourcecode.c.objc; name = "NSString+RTSAnalytics.m"; path = "RTSAnalytics/Core/NSString+RTSAnalytics.m"; sourceTree = SOURCE_ROOT; };
		9F4420F21B09DB2F00AD0613 /* UIViewController+RTSAnalytics.h */ = {isa = PBXFileReference; fileEncoding = 4; lastKnownFileType = sourcecode.c.h; name = "UIViewController+RTSAnalytics.h"; path = "RTSAnalytics/Core/UIViewController+RTSAnalytics.h"; sourceTree = SOURCE_ROOT; };
		9F4420F31B09DB2F00AD0613 /* UIViewController+RTSAnalytics.m */ = {isa = PBXFileReference; fileEncoding = 4; lastKnownFileType = sourcecode.c.objc; name = "UIViewController+RTSAnalytics.m"; path = "RTSAnalytics/Core/UIViewController+RTSAnalytics.m"; sourceTree = SOURCE_ROOT; };
		9F4DA2291BEB609100C6FA25 /* libSRGAnalytics.a */ = {isa = PBXFileReference; explicitFileType = archive.ar; includeInIndex = 0; path = libSRGAnalytics.a; sourceTree = BUILT_PRODUCTS_DIR; };
		9FD74D3E1ACC2BEC00A2D86A /* RTSAnalyticsTrackerTest.m */ = {isa = PBXFileReference; fileEncoding = 4; lastKnownFileType = sourcecode.c.objc; path = RTSAnalyticsTrackerTest.m; sourceTree = "<group>"; };
		9FD74D401ACC2DDC00A2D86A /* CFNetwork.framework */ = {isa = PBXFileReference; lastKnownFileType = wrapper.framework; name = CFNetwork.framework; path = System/Library/Frameworks/CFNetwork.framework; sourceTree = SDKROOT; };
		9FD74D421ACC2DF900A2D86A /* SystemConfiguration.framework */ = {isa = PBXFileReference; lastKnownFileType = wrapper.framework; name = SystemConfiguration.framework; path = System/Library/Frameworks/SystemConfiguration.framework; sourceTree = SDKROOT; };
		A453D907F21345EDCA26CB83 /* Pods-SRGAnalytics.test.xcconfig */ = {isa = PBXFileReference; includeInIndex = 1; lastKnownFileType = text.xcconfig; name = "Pods-SRGAnalytics.test.xcconfig"; path = "Pods/Target Support Files/Pods-SRGAnalytics/Pods-SRGAnalytics.test.xcconfig"; sourceTree = "<group>"; };
		B64502681ADE56F5001021A8 /* SRGAnalytics.h */ = {isa = PBXFileReference; fileEncoding = 4; lastKnownFileType = sourcecode.c.h; path = SRGAnalytics.h; sourceTree = "<group>"; };
		B64502971ADE7DC7001021A8 /* SRGAnalytics.podspec */ = {isa = PBXFileReference; indentWidth = 2; lastKnownFileType = text; path = SRGAnalytics.podspec; sourceTree = "<group>"; usesTabs = 0; xcLanguageSpecificationIdentifier = xcode.lang.ruby; };
		B64502A91ADE81F9001021A8 /* RTSAnalyticsNetmetrixTracker.m */ = {isa = PBXFileReference; fileEncoding = 4; lastKnownFileType = sourcecode.c.objc; path = RTSAnalyticsNetmetrixTracker.m; sourceTree = "<group>"; };
		B64502AA1ADE81F9001021A8 /* RTSAnalyticsNetmetrixTracker_private.h */ = {isa = PBXFileReference; fileEncoding = 4; lastKnownFileType = sourcecode.c.h; path = RTSAnalyticsNetmetrixTracker_private.h; sourceTree = "<group>"; };
		B64502AD1ADE81F9001021A8 /* RTSAnalyticsPageViewDataSource.h */ = {isa = PBXFileReference; fileEncoding = 4; lastKnownFileType = sourcecode.c.h; path = RTSAnalyticsPageViewDataSource.h; sourceTree = "<group>"; };
		B64502AE1ADE81F9001021A8 /* RTSAnalyticsTracker.h */ = {isa = PBXFileReference; fileEncoding = 4; lastKnownFileType = sourcecode.c.h; path = RTSAnalyticsTracker.h; sourceTree = "<group>"; };
		B64502AF1ADE81F9001021A8 /* RTSAnalyticsTracker.m */ = {isa = PBXFileReference; fileEncoding = 4; lastKnownFileType = sourcecode.c.objc; path = RTSAnalyticsTracker.m; sourceTree = "<group>"; };
		B64502B01ADE81F9001021A8 /* RTSAnalyticsTracker+Logging_private.h */ = {isa = PBXFileReference; fileEncoding = 4; lastKnownFileType = sourcecode.c.h; path = "RTSAnalyticsTracker+Logging_private.h"; sourceTree = "<group>"; };
		B64502B11ADE81F9001021A8 /* RTSAnalyticsTracker+Logging.m */ = {isa = PBXFileReference; fileEncoding = 4; lastKnownFileType = sourcecode.c.objc; lineEnding = 0; path = "RTSAnalyticsTracker+Logging.m"; sourceTree = "<group>"; };
		B64503131ADFA753001021A8 /* RTSAnalyticsMediaPlayerDataSource.h */ = {isa = PBXFileReference; fileEncoding = 4; lastKnownFileType = sourcecode.c.h; path = RTSAnalyticsMediaPlayerDataSource.h; sourceTree = "<group>"; };
		B64503141ADFA753001021A8 /* RTSMediaPlayerControllerTracker.m */ = {isa = PBXFileReference; fileEncoding = 4; lastKnownFileType = sourcecode.c.objc; path = RTSMediaPlayerControllerTracker.m; sourceTree = "<group>"; };
		B64503151ADFA753001021A8 /* RTSMediaPlayerControllerTracker_private.h */ = {isa = PBXFileReference; fileEncoding = 4; lastKnownFileType = sourcecode.c.h; path = RTSMediaPlayerControllerTracker_private.h; sourceTree = "<group>"; };
		B64503161ADFA753001021A8 /* RTSMediaPlayerControllerStreamSenseTracker.m */ = {isa = PBXFileReference; fileEncoding = 4; lastKnownFileType = sourcecode.c.objc; path = RTSMediaPlayerControllerStreamSenseTracker.m; sourceTree = "<group>"; };
		B64503171ADFA753001021A8 /* RTSMediaPlayerControllerStreamSenseTracker_private.h */ = {isa = PBXFileReference; fileEncoding = 4; lastKnownFileType = sourcecode.c.h; path = RTSMediaPlayerControllerStreamSenseTracker_private.h; sourceTree = "<group>"; };
		B64503181ADFA753001021A8 /* RTSAnalyticsMediaPlayer.h */ = {isa = PBXFileReference; fileEncoding = 4; lastKnownFileType = sourcecode.c.h; name = RTSAnalyticsMediaPlayer.h; path = ../RTSAnalyticsMediaPlayer.h; sourceTree = "<group>"; };
		B6C669DE9C1F9FC56DE5B18F /* Pods-SRGAnalyticsTests.test.xcconfig */ = {isa = PBXFileReference; includeInIndex = 1; lastKnownFileType = text.xcconfig; name = "Pods-SRGAnalyticsTests.test.xcconfig"; path = "Pods/Target Support Files/Pods-SRGAnalyticsTests/Pods-SRGAnalyticsTests.test.xcconfig"; sourceTree = "<group>"; };
		C2332DA81B2880EB00AA21BB /* RTSAnalyticsLogger_private.h */ = {isa = PBXFileReference; fileEncoding = 4; lastKnownFileType = sourcecode.c.h; path = RTSAnalyticsLogger_private.h; sourceTree = "<group>"; };
		C2332DA91B2880EB00AA21BB /* RTSAnalyticsLogger.m */ = {isa = PBXFileReference; fileEncoding = 4; lastKnownFileType = sourcecode.c.objc; path = RTSAnalyticsLogger.m; sourceTree = "<group>"; };
		C28CE3E11B906DA200BA1D69 /* RTSAnalyticsNetmetrixTracker.h */ = {isa = PBXFileReference; fileEncoding = 4; lastKnownFileType = sourcecode.c.h; path = RTSAnalyticsNetmetrixTracker.h; sourceTree = "<group>"; };
		C28CE3E31B907AF600BA1D69 /* RTSAnalyticsComScoreTracker.h */ = {isa = PBXFileReference; fileEncoding = 4; lastKnownFileType = sourcecode.c.h; path = RTSAnalyticsComScoreTracker.h; sourceTree = "<group>"; };
		C28CE3E51B908B1C00BA1D69 /* libPods.a */ = {isa = PBXFileReference; lastKnownFileType = archive.ar; name = libPods.a; path = "Pods/../build/Debug-iphoneos/libPods.a"; sourceTree = "<group>"; };
		E67165121BF1FD4000A07776 /* RTSMediaPlayerController+RTSAnalytics.h */ = {isa = PBXFileReference; fileEncoding = 4; lastKnownFileType = sourcecode.c.h; path = "RTSMediaPlayerController+RTSAnalytics.h"; sourceTree = "<group>"; };
		E67165131BF1FD4000A07776 /* RTSMediaPlayerController+RTSAnalytics.m */ = {isa = PBXFileReference; fileEncoding = 4; lastKnownFileType = sourcecode.c.objc; path = "RTSMediaPlayerController+RTSAnalytics.m"; sourceTree = "<group>"; };
		E6C7A7711CA134670011D9BF /* CSStreamSenseClip+RTSFixes.m */ = {isa = PBXFileReference; fileEncoding = 4; lastKnownFileType = sourcecode.c.objc; path = "CSStreamSenseClip+RTSFixes.m"; sourceTree = "<group>"; };
		E6C7A7761CA134B80011D9BF /* CSStreamSense+RTSFixes.m */ = {isa = PBXFileReference; fileEncoding = 4; lastKnownFileType = sourcecode.c.objc; path = "CSStreamSense+RTSFixes.m"; sourceTree = "<group>"; };
		E6C7A7781CA134B80011D9BF /* CSStreamSensePlaylist+RTSFixes.m */ = {isa = PBXFileReference; fileEncoding = 4; lastKnownFileType = sourcecode.c.objc; path = "CSStreamSensePlaylist+RTSFixes.m"; sourceTree = "<group>"; };
		E6F023791B328F59001B6F0B /* RTSAnalyticsVersion_private.h */ = {isa = PBXFileReference; fileEncoding = 4; lastKnownFileType = sourcecode.c.h; path = RTSAnalyticsVersion_private.h; sourceTree = "<group>"; };
		E6F0237A1B328F59001B6F0B /* RTSAnalyticsVersion.m */ = {isa = PBXFileReference; fileEncoding = 4; lastKnownFileType = sourcecode.c.objc; path = RTSAnalyticsVersion.m; sourceTree = "<group>"; };
		E6F471911B5D2C9200A566B3 /* RTSMediaPlayerControllerTrackingInfo.h */ = {isa = PBXFileReference; fileEncoding = 4; lastKnownFileType = sourcecode.c.h; path = RTSMediaPlayerControllerTrackingInfo.h; sourceTree = "<group>"; };
		E6F471921B5D2C9200A566B3 /* RTSMediaPlayerControllerTrackingInfo.m */ = {isa = PBXFileReference; fileEncoding = 4; lastKnownFileType = sourcecode.c.objc; path = RTSMediaPlayerControllerTrackingInfo.m; sourceTree = "<group>"; };
		FA0265BACF3092D8C9897357 /* Pods-SRGAnalyticsTests.debug.xcconfig */ = {isa = PBXFileReference; includeInIndex = 1; lastKnownFileType = text.xcconfig; name = "Pods-SRGAnalyticsTests.debug.xcconfig"; path = "Pods/Target Support Files/Pods-SRGAnalyticsTests/Pods-SRGAnalyticsTests.debug.xcconfig"; sourceTree = "<group>"; };
/* End PBXFileReference section */

/* Begin PBXFrameworksBuildPhase section */
		9F1518C31AC2F1CE00AE051D /* Frameworks */ = {
			isa = PBXFrameworksBuildPhase;
			buildActionMask = 2147483647;
			files = (
				9FD74D431ACC2DF900A2D86A /* SystemConfiguration.framework in Frameworks */,
				9FD74D411ACC2DDC00A2D86A /* CFNetwork.framework in Frameworks */,
				DD5EC8398BB64100B4EDBE24 /* libPods-SRGAnalyticsTests.a in Frameworks */,
			);
			runOnlyForDeploymentPostprocessing = 0;
		};
		9F4DA2261BEB609100C6FA25 /* Frameworks */ = {
			isa = PBXFrameworksBuildPhase;
			buildActionMask = 2147483647;
			files = (
				BE01E81D6872B76DC37D16CE /* libPods-SRGAnalytics.a in Frameworks */,
			);
			runOnlyForDeploymentPostprocessing = 0;
		};
/* End PBXFrameworksBuildPhase section */

/* Begin PBXGroup section */
		35CE998B24D1C86C9D7FCC1E /* Pods */ = {
			isa = PBXGroup;
			children = (
				7935F999ED64CE1691E22C28 /* Pods-SRGAnalytics.debug.xcconfig */,
				A453D907F21345EDCA26CB83 /* Pods-SRGAnalytics.test.xcconfig */,
				5ECF9264728529B828939D61 /* Pods-SRGAnalytics.release.xcconfig */,
				FA0265BACF3092D8C9897357 /* Pods-SRGAnalyticsTests.debug.xcconfig */,
				B6C669DE9C1F9FC56DE5B18F /* Pods-SRGAnalyticsTests.test.xcconfig */,
				6649695D19ABE4BA922528A7 /* Pods-SRGAnalyticsTests.release.xcconfig */,
			);
			name = Pods;
			sourceTree = "<group>";
		};
		9F1518B21AC2F1CE00AE051D = {
			isa = PBXGroup;
			children = (
				B64502971ADE7DC7001021A8 /* SRGAnalytics.podspec */,
				9F1518BD1AC2F1CE00AE051D /* SRGAnalytics */,
				9F1518CA1AC2F1CE00AE051D /* RTSAnalyticsTests */,
				9F1518BC1AC2F1CE00AE051D /* Products */,
				AC99606425BE818BA71D7E4D /* Frameworks */,
				35CE998B24D1C86C9D7FCC1E /* Pods */,
			);
			sourceTree = "<group>";
		};
		9F1518BC1AC2F1CE00AE051D /* Products */ = {
			isa = PBXGroup;
			children = (
				9F1518C61AC2F1CE00AE051D /* SRGAnalyticsTests.xctest */,
				9F4DA2291BEB609100C6FA25 /* libSRGAnalytics.a */,
			);
			name = Products;
			sourceTree = "<group>";
		};
		9F1518BD1AC2F1CE00AE051D /* SRGAnalytics */ = {
			isa = PBXGroup;
			children = (
				B64502681ADE56F5001021A8 /* SRGAnalytics.h */,
				B64502561ADE56F5001021A8 /* Core */,
				B64503121ADFA753001021A8 /* MediaPlayer */,
				B64502A41ADE81F9001021A8 /* Helpers & Categories */,
			);
			name = SRGAnalytics;
			path = RTSAnalytics;
			sourceTree = "<group>";
		};
		9F1518CA1AC2F1CE00AE051D /* RTSAnalyticsTests */ = {
			isa = PBXGroup;
			children = (
				9FD74D3E1ACC2BEC00A2D86A /* RTSAnalyticsTrackerTest.m */,
				9F1518CB1AC2F1CE00AE051D /* Supporting Files */,
			);
			path = RTSAnalyticsTests;
			sourceTree = "<group>";
		};
		9F1518CB1AC2F1CE00AE051D /* Supporting Files */ = {
			isa = PBXGroup;
			children = (
				9F1518CC1AC2F1CE00AE051D /* Info.plist */,
			);
			name = "Supporting Files";
			sourceTree = "<group>";
		};
		9FA2200B1B53E34300886FB2 /* Private */ = {
			isa = PBXGroup;
			children = (
				E6C7A7761CA134B80011D9BF /* CSStreamSense+RTSFixes.m */,
				E6C7A7781CA134B80011D9BF /* CSStreamSensePlaylist+RTSFixes.m */,
				E6C7A7711CA134670011D9BF /* CSStreamSenseClip+RTSFixes.m */,
				B64502AA1ADE81F9001021A8 /* RTSAnalyticsNetmetrixTracker_private.h */,
				B64502A91ADE81F9001021A8 /* RTSAnalyticsNetmetrixTracker.m */,
			);
			name = Private;
			sourceTree = "<group>";
		};
		9FA2200C1B53E34C00886FB2 /* Private */ = {
			isa = PBXGroup;
			children = (
				B64503171ADFA753001021A8 /* RTSMediaPlayerControllerStreamSenseTracker_private.h */,
				B64503161ADFA753001021A8 /* RTSMediaPlayerControllerStreamSenseTracker.m */,
				B64503151ADFA753001021A8 /* RTSMediaPlayerControllerTracker_private.h */,
				B64503141ADFA753001021A8 /* RTSMediaPlayerControllerTracker.m */,
				E6F471911B5D2C9200A566B3 /* RTSMediaPlayerControllerTrackingInfo.h */,
				E6F471921B5D2C9200A566B3 /* RTSMediaPlayerControllerTrackingInfo.m */,
			);
			name = Private;
			sourceTree = "<group>";
		};
		AC99606425BE818BA71D7E4D /* Frameworks */ = {
			isa = PBXGroup;
			children = (
				C28CE3E51B908B1C00BA1D69 /* libPods.a */,
				9FD74D421ACC2DF900A2D86A /* SystemConfiguration.framework */,
				9FD74D401ACC2DDC00A2D86A /* CFNetwork.framework */,
				9F1519231AC422B800AE051D /* Foundation.framework */,
				9F1519211AC422AE00AE051D /* UIKit.framework */,
				4DE4FDAD89AA57F771ED6D80 /* libPods-SRGAnalytics.a */,
				32958D0E53FCE9FFF8C4269A /* libPods-SRGAnalyticsTests.a */,
			);
			name = Frameworks;
			sourceTree = "<group>";
		};
		B64502561ADE56F5001021A8 /* Core */ = {
			isa = PBXGroup;
			children = (
				B64502AE1ADE81F9001021A8 /* RTSAnalyticsTracker.h */,
				B64502AF1ADE81F9001021A8 /* RTSAnalyticsTracker.m */,
				C28CE3E31B907AF600BA1D69 /* RTSAnalyticsComScoreTracker.h */,
				C28CE3E11B906DA200BA1D69 /* RTSAnalyticsNetmetrixTracker.h */,
				B64502AD1ADE81F9001021A8 /* RTSAnalyticsPageViewDataSource.h */,
				9F4420F21B09DB2F00AD0613 /* UIViewController+RTSAnalytics.h */,
				9F4420F31B09DB2F00AD0613 /* UIViewController+RTSAnalytics.m */,
				9FA2200B1B53E34300886FB2 /* Private */,
			);
			path = Core;
			sourceTree = "<group>";
		};
		B64502A41ADE81F9001021A8 /* Helpers & Categories */ = {
			isa = PBXGroup;
			children = (
				E6F023791B328F59001B6F0B /* RTSAnalyticsVersion_private.h */,
				E6F0237A1B328F59001B6F0B /* RTSAnalyticsVersion.m */,
				C2332DA81B2880EB00AA21BB /* RTSAnalyticsLogger_private.h */,
				C2332DA91B2880EB00AA21BB /* RTSAnalyticsLogger.m */,
				B64502B01ADE81F9001021A8 /* RTSAnalyticsTracker+Logging_private.h */,
				B64502B11ADE81F9001021A8 /* RTSAnalyticsTracker+Logging.m */,
				9F4420EC1B09DB2F00AD0613 /* CSRequest+RTSAnalytics_private.h */,
				9F4420ED1B09DB2F00AD0613 /* CSRequest+RTSAnalytics.m */,
				9F4420EE1B09DB2F00AD0613 /* NSDictionary+RTSAnalytics.h */,
				9F4420EF1B09DB2F00AD0613 /* NSDictionary+RTSAnalytics.m */,
				9F4420F01B09DB2F00AD0613 /* NSString+RTSAnalytics.h */,
				9F4420F11B09DB2F00AD0613 /* NSString+RTSAnalytics.m */,
			);
			name = "Helpers & Categories";
			path = Core;
			sourceTree = "<group>";
		};
		B64503121ADFA753001021A8 /* MediaPlayer */ = {
			isa = PBXGroup;
			children = (
				B64503181ADFA753001021A8 /* RTSAnalyticsMediaPlayer.h */,
				B64503131ADFA753001021A8 /* RTSAnalyticsMediaPlayerDataSource.h */,
				E67165121BF1FD4000A07776 /* RTSMediaPlayerController+RTSAnalytics.h */,
				E67165131BF1FD4000A07776 /* RTSMediaPlayerController+RTSAnalytics.m */,
				9FA2200C1B53E34C00886FB2 /* Private */,
			);
			path = MediaPlayer;
			sourceTree = "<group>";
		};
/* End PBXGroup section */

/* Begin PBXNativeTarget section */
		9F1518C51AC2F1CE00AE051D /* SRGAnalyticsTests */ = {
			isa = PBXNativeTarget;
			buildConfigurationList = 9F1518D21AC2F1CE00AE051D /* Build configuration list for PBXNativeTarget "SRGAnalyticsTests" */;
			buildPhases = (
				969EF9783DA027850E980047 /* [CP] Check Pods Manifest.lock */,
				9F1518C21AC2F1CE00AE051D /* Sources */,
				9F1518C31AC2F1CE00AE051D /* Frameworks */,
				9F1518C41AC2F1CE00AE051D /* Resources */,
				98E258D80D574708619FC8B3 /* [CP] Embed Pods Frameworks */,
				8084F17C1B42B9868F6DA63F /* [CP] Copy Pods Resources */,
			);
			buildRules = (
			);
			dependencies = (
				9FDFB4231BEB625600A7E4E0 /* PBXTargetDependency */,
			);
			name = SRGAnalyticsTests;
			productName = RTSAnalyticsTests;
			productReference = 9F1518C61AC2F1CE00AE051D /* SRGAnalyticsTests.xctest */;
			productType = "com.apple.product-type.bundle.unit-test";
		};
		9F4DA2281BEB609100C6FA25 /* SRGAnalytics */ = {
			isa = PBXNativeTarget;
			buildConfigurationList = 9F4DA22F1BEB609100C6FA25 /* Build configuration list for PBXNativeTarget "SRGAnalytics" */;
			buildPhases = (
				AD4EE0ADC4C81D77A68F58CD /* [CP] Check Pods Manifest.lock */,
				9F4DA2251BEB609100C6FA25 /* Sources */,
				9F4DA2261BEB609100C6FA25 /* Frameworks */,
				9F4DA2271BEB609100C6FA25 /* CopyFiles */,
				DD57D13715440AABE79C1316 /* [CP] Copy Pods Resources */,
			);
			buildRules = (
			);
			dependencies = (
			);
			name = SRGAnalytics;
			productName = SRGAnalytics;
			productReference = 9F4DA2291BEB609100C6FA25 /* libSRGAnalytics.a */;
			productType = "com.apple.product-type.library.static";
		};
/* End PBXNativeTarget section */

/* Begin PBXProject section */
		9F1518B31AC2F1CE00AE051D /* Project object */ = {
			isa = PBXProject;
			attributes = {
				CLASSPREFIX = RTS;
				LastUpgradeCheck = 0700;
				ORGANIZATIONNAME = "SRG SSR";
				TargetAttributes = {
					9F1518C51AC2F1CE00AE051D = {
						CreatedOnToolsVersion = 6.2;
					};
					9F4DA2281BEB609100C6FA25 = {
						CreatedOnToolsVersion = 7.1;
					};
				};
			};
			buildConfigurationList = 9F1518B61AC2F1CE00AE051D /* Build configuration list for PBXProject "SRGAnalytics" */;
			compatibilityVersion = "Xcode 3.2";
			developmentRegion = English;
			hasScannedForEncodings = 0;
			knownRegions = (
				en,
			);
			mainGroup = 9F1518B21AC2F1CE00AE051D;
			productRefGroup = 9F1518BC1AC2F1CE00AE051D /* Products */;
			projectDirPath = "";
			projectRoot = "";
			targets = (
				9F4DA2281BEB609100C6FA25 /* SRGAnalytics */,
				9F1518C51AC2F1CE00AE051D /* SRGAnalyticsTests */,
			);
		};
/* End PBXProject section */

/* Begin PBXResourcesBuildPhase section */
		9F1518C41AC2F1CE00AE051D /* Resources */ = {
			isa = PBXResourcesBuildPhase;
			buildActionMask = 2147483647;
			files = (
			);
			runOnlyForDeploymentPostprocessing = 0;
		};
/* End PBXResourcesBuildPhase section */

/* Begin PBXShellScriptBuildPhase section */
		8084F17C1B42B9868F6DA63F /* [CP] Copy Pods Resources */ = {
			isa = PBXShellScriptBuildPhase;
			buildActionMask = 2147483647;
			files = (
			);
			inputPaths = (
			);
			name = "[CP] Copy Pods Resources";
			outputPaths = (
			);
			runOnlyForDeploymentPostprocessing = 0;
			shellPath = /bin/sh;
			shellScript = "\"${SRCROOT}/Pods/Target Support Files/Pods-SRGAnalyticsTests/Pods-SRGAnalyticsTests-resources.sh\"\n";
			showEnvVarsInLog = 0;
		};
		969EF9783DA027850E980047 /* [CP] Check Pods Manifest.lock */ = {
			isa = PBXShellScriptBuildPhase;
			buildActionMask = 2147483647;
			files = (
			);
			inputPaths = (
			);
			name = "[CP] Check Pods Manifest.lock";
			outputPaths = (
			);
			runOnlyForDeploymentPostprocessing = 0;
			shellPath = /bin/sh;
			shellScript = "diff \"${PODS_ROOT}/../Podfile.lock\" \"${PODS_ROOT}/Manifest.lock\" > /dev/null\nif [[ $? != 0 ]] ; then\n    cat << EOM\nerror: The sandbox is not in sync with the Podfile.lock. Run 'pod install' or update your CocoaPods installation.\nEOM\n    exit 1\nfi\n";
			showEnvVarsInLog = 0;
		};
		98E258D80D574708619FC8B3 /* [CP] Embed Pods Frameworks */ = {
			isa = PBXShellScriptBuildPhase;
			buildActionMask = 2147483647;
			files = (
			);
			inputPaths = (
			);
			name = "[CP] Embed Pods Frameworks";
			outputPaths = (
			);
			runOnlyForDeploymentPostprocessing = 0;
			shellPath = /bin/sh;
			shellScript = "\"${SRCROOT}/Pods/Target Support Files/Pods-SRGAnalyticsTests/Pods-SRGAnalyticsTests-frameworks.sh\"\n";
			showEnvVarsInLog = 0;
		};
		AD4EE0ADC4C81D77A68F58CD /* [CP] Check Pods Manifest.lock */ = {
			isa = PBXShellScriptBuildPhase;
			buildActionMask = 2147483647;
			files = (
			);
			inputPaths = (
			);
			name = "[CP] Check Pods Manifest.lock";
			outputPaths = (
			);
			runOnlyForDeploymentPostprocessing = 0;
			shellPath = /bin/sh;
			shellScript = "diff \"${PODS_ROOT}/../Podfile.lock\" \"${PODS_ROOT}/Manifest.lock\" > /dev/null\nif [[ $? != 0 ]] ; then\n    cat << EOM\nerror: The sandbox is not in sync with the Podfile.lock. Run 'pod install' or update your CocoaPods installation.\nEOM\n    exit 1\nfi\n";
			showEnvVarsInLog = 0;
		};
		DD57D13715440AABE79C1316 /* [CP] Copy Pods Resources */ = {
			isa = PBXShellScriptBuildPhase;
			buildActionMask = 2147483647;
			files = (
			);
			inputPaths = (
			);
			name = "[CP] Copy Pods Resources";
			outputPaths = (
			);
			runOnlyForDeploymentPostprocessing = 0;
			shellPath = /bin/sh;
			shellScript = "\"${SRCROOT}/Pods/Target Support Files/Pods-SRGAnalytics/Pods-SRGAnalytics-resources.sh\"\n";
			showEnvVarsInLog = 0;
		};
/* End PBXShellScriptBuildPhase section */

/* Begin PBXSourcesBuildPhase section */
		9F1518C21AC2F1CE00AE051D /* Sources */ = {
			isa = PBXSourcesBuildPhase;
			buildActionMask = 2147483647;
			files = (
				9FD74D3F1ACC2BEC00A2D86A /* RTSAnalyticsTrackerTest.m in Sources */,
			);
			runOnlyForDeploymentPostprocessing = 0;
		};
		9F4DA2251BEB609100C6FA25 /* Sources */ = {
			isa = PBXSourcesBuildPhase;
			buildActionMask = 2147483647;
			files = (
				E6C7A7741CA134670011D9BF /* CSStreamSenseClip+RTSFixes.m in Sources */,
				E6C7A7831CA143850011D9BF /* RTSAnalyticsLogger.m in Sources */,
				E6C7A7821CA143820011D9BF /* RTSAnalyticsVersion.m in Sources */,
				E6C7A77C1CA143660011D9BF /* RTSAnalyticsTracker.m in Sources */,
				E6C7A77D1CA1436C0011D9BF /* UIViewController+RTSAnalytics.m in Sources */,
				E6C7A7791CA134B80011D9BF /* CSStreamSense+RTSFixes.m in Sources */,
				E6C7A77F1CA1437A0011D9BF /* RTSMediaPlayerControllerStreamSenseTracker.m in Sources */,
				E6C7A7841CA1438A0011D9BF /* RTSAnalyticsTracker+Logging.m in Sources */,
				E6C7A7881CA145D60011D9BF /* RTSMediaPlayerController+RTSAnalytics.m in Sources */,
				E6C7A7871CA1438A0011D9BF /* NSString+RTSAnalytics.m in Sources */,
				E6C7A7851CA1438A0011D9BF /* CSRequest+RTSAnalytics.m in Sources */,
				E6C7A77E1CA143760011D9BF /* RTSAnalyticsNetmetrixTracker.m in Sources */,
				E6C7A7811CA1437F0011D9BF /* RTSMediaPlayerControllerTrackingInfo.m in Sources */,
				E6C7A7861CA1438A0011D9BF /* NSDictionary+RTSAnalytics.m in Sources */,
				E6C7A7801CA1437C0011D9BF /* RTSMediaPlayerControllerTracker.m in Sources */,
				E6C7A77B1CA134B80011D9BF /* CSStreamSensePlaylist+RTSFixes.m in Sources */,
			);
			runOnlyForDeploymentPostprocessing = 0;
		};
/* End PBXSourcesBuildPhase section */

/* Begin PBXTargetDependency section */
		9FDFB4231BEB625600A7E4E0 /* PBXTargetDependency */ = {
			isa = PBXTargetDependency;
			target = 9F4DA2281BEB609100C6FA25 /* SRGAnalytics */;
			targetProxy = 9FDFB4221BEB625600A7E4E0 /* PBXContainerItemProxy */;
		};
/* End PBXTargetDependency section */

/* Begin XCBuildConfiguration section */
		9F01791A1B440579005DA9E3 /* Test */ = {
			isa = XCBuildConfiguration;
			buildSettings = {
				ALWAYS_SEARCH_USER_PATHS = NO;
				CLANG_CXX_LANGUAGE_STANDARD = "gnu++0x";
				CLANG_CXX_LIBRARY = "libc++";
				CLANG_ENABLE_MODULES = YES;
				CLANG_ENABLE_OBJC_ARC = YES;
				CLANG_WARN_BOOL_CONVERSION = YES;
				CLANG_WARN_CONSTANT_CONVERSION = YES;
				CLANG_WARN_DIRECT_OBJC_ISA_USAGE = YES_ERROR;
				CLANG_WARN_EMPTY_BODY = YES;
				CLANG_WARN_ENUM_CONVERSION = YES;
				CLANG_WARN_INT_CONVERSION = YES;
				CLANG_WARN_OBJC_ROOT_CLASS = YES_ERROR;
				CLANG_WARN_UNREACHABLE_CODE = YES;
				CLANG_WARN__DUPLICATE_METHOD_MATCH = YES;
				COPY_PHASE_STRIP = NO;
				ENABLE_STRICT_OBJC_MSGSEND = YES;
				GCC_C_LANGUAGE_STANDARD = gnu99;
				GCC_DYNAMIC_NO_PIC = NO;
				GCC_OPTIMIZATION_LEVEL = 0;
				GCC_PREPROCESSOR_DEFINITIONS = (
					"DEBUG=1",
					"$(inherited)",
				);
				GCC_SYMBOLS_PRIVATE_EXTERN = NO;
				GCC_WARN_64_TO_32_BIT_CONVERSION = YES;
				GCC_WARN_ABOUT_RETURN_TYPE = YES_ERROR;
				GCC_WARN_UNDECLARED_SELECTOR = YES;
				GCC_WARN_UNINITIALIZED_AUTOS = YES_AGGRESSIVE;
				GCC_WARN_UNUSED_FUNCTION = YES;
				GCC_WARN_UNUSED_VARIABLE = YES;
				IPHONEOS_DEPLOYMENT_TARGET = 8.0;
				MTL_ENABLE_DEBUG_INFO = YES;
				ONLY_ACTIVE_ARCH = YES;
				SDKROOT = iphoneos;
			};
			name = Test;
		};
		9F01791C1B440579005DA9E3 /* Test */ = {
			isa = XCBuildConfiguration;
			baseConfigurationReference = B6C669DE9C1F9FC56DE5B18F /* Pods-SRGAnalyticsTests.test.xcconfig */;
			buildSettings = {
				CODE_SIGN_IDENTITY = "iPhone Developer";
				GCC_PREPROCESSOR_DEFINITIONS = (
					"$(inherited)",
					"COCOAPODS=1",
					"TEST=1",
				);
				INFOPLIST_FILE = RTSAnalyticsTests/Info.plist;
				LD_RUNPATH_SEARCH_PATHS = "$(inherited) @executable_path/Frameworks @loader_path/Frameworks";
				PRODUCT_BUNDLE_IDENTIFIER = "ch.rts.$(PRODUCT_NAME:rfc1034identifier)";
				PRODUCT_NAME = SRGAnalyticsTests;
			};
			name = Test;
		};
		9F1518CD1AC2F1CE00AE051D /* Debug */ = {
			isa = XCBuildConfiguration;
			buildSettings = {
				ALWAYS_SEARCH_USER_PATHS = NO;
				CLANG_CXX_LANGUAGE_STANDARD = "gnu++0x";
				CLANG_CXX_LIBRARY = "libc++";
				CLANG_ENABLE_MODULES = YES;
				CLANG_ENABLE_OBJC_ARC = YES;
				CLANG_WARN_BOOL_CONVERSION = YES;
				CLANG_WARN_CONSTANT_CONVERSION = YES;
				CLANG_WARN_DIRECT_OBJC_ISA_USAGE = YES_ERROR;
				CLANG_WARN_EMPTY_BODY = YES;
				CLANG_WARN_ENUM_CONVERSION = YES;
				CLANG_WARN_INT_CONVERSION = YES;
				CLANG_WARN_OBJC_ROOT_CLASS = YES_ERROR;
				CLANG_WARN_UNREACHABLE_CODE = YES;
				CLANG_WARN__DUPLICATE_METHOD_MATCH = YES;
				COPY_PHASE_STRIP = NO;
				ENABLE_STRICT_OBJC_MSGSEND = YES;
				ENABLE_TESTABILITY = YES;
				GCC_C_LANGUAGE_STANDARD = gnu99;
				GCC_DYNAMIC_NO_PIC = NO;
				GCC_OPTIMIZATION_LEVEL = 0;
				GCC_PREPROCESSOR_DEFINITIONS = (
					"DEBUG=1",
					"$(inherited)",
				);
				GCC_SYMBOLS_PRIVATE_EXTERN = NO;
				GCC_WARN_64_TO_32_BIT_CONVERSION = YES;
				GCC_WARN_ABOUT_RETURN_TYPE = YES_ERROR;
				GCC_WARN_UNDECLARED_SELECTOR = YES;
				GCC_WARN_UNINITIALIZED_AUTOS = YES_AGGRESSIVE;
				GCC_WARN_UNUSED_FUNCTION = YES;
				GCC_WARN_UNUSED_VARIABLE = YES;
				IPHONEOS_DEPLOYMENT_TARGET = 8.0;
				MTL_ENABLE_DEBUG_INFO = YES;
				ONLY_ACTIVE_ARCH = YES;
				SDKROOT = iphoneos;
			};
			name = Debug;
		};
		9F1518CE1AC2F1CE00AE051D /* Release */ = {
			isa = XCBuildConfiguration;
			buildSettings = {
				ALWAYS_SEARCH_USER_PATHS = NO;
				CLANG_CXX_LANGUAGE_STANDARD = "gnu++0x";
				CLANG_CXX_LIBRARY = "libc++";
				CLANG_ENABLE_MODULES = YES;
				CLANG_ENABLE_OBJC_ARC = YES;
				CLANG_WARN_BOOL_CONVERSION = YES;
				CLANG_WARN_CONSTANT_CONVERSION = YES;
				CLANG_WARN_DIRECT_OBJC_ISA_USAGE = YES_ERROR;
				CLANG_WARN_EMPTY_BODY = YES;
				CLANG_WARN_ENUM_CONVERSION = YES;
				CLANG_WARN_INT_CONVERSION = YES;
				CLANG_WARN_OBJC_ROOT_CLASS = YES_ERROR;
				CLANG_WARN_UNREACHABLE_CODE = YES;
				CLANG_WARN__DUPLICATE_METHOD_MATCH = YES;
				COPY_PHASE_STRIP = NO;
				ENABLE_NS_ASSERTIONS = NO;
				ENABLE_STRICT_OBJC_MSGSEND = YES;
				GCC_C_LANGUAGE_STANDARD = gnu99;
				GCC_WARN_64_TO_32_BIT_CONVERSION = YES;
				GCC_WARN_ABOUT_RETURN_TYPE = YES_ERROR;
				GCC_WARN_UNDECLARED_SELECTOR = YES;
				GCC_WARN_UNINITIALIZED_AUTOS = YES_AGGRESSIVE;
				GCC_WARN_UNUSED_FUNCTION = YES;
				GCC_WARN_UNUSED_VARIABLE = YES;
				IPHONEOS_DEPLOYMENT_TARGET = 8.0;
				MTL_ENABLE_DEBUG_INFO = NO;
				SDKROOT = iphoneos;
				VALIDATE_PRODUCT = YES;
			};
			name = Release;
		};
		9F1518D31AC2F1CE00AE051D /* Debug */ = {
			isa = XCBuildConfiguration;
			baseConfigurationReference = FA0265BACF3092D8C9897357 /* Pods-SRGAnalyticsTests.debug.xcconfig */;
			buildSettings = {
				CODE_SIGN_IDENTITY = "iPhone Developer";
				GCC_PREPROCESSOR_DEFINITIONS = (
					"$(inherited)",
					"COCOAPODS=1",
					"TEST=1",
				);
				INFOPLIST_FILE = RTSAnalyticsTests/Info.plist;
				LD_RUNPATH_SEARCH_PATHS = "$(inherited) @executable_path/Frameworks @loader_path/Frameworks";
				PRODUCT_BUNDLE_IDENTIFIER = "ch.rts.$(PRODUCT_NAME:rfc1034identifier)";
				PRODUCT_NAME = SRGAnalyticsTests;
			};
			name = Debug;
		};
		9F1518D41AC2F1CE00AE051D /* Release */ = {
			isa = XCBuildConfiguration;
			baseConfigurationReference = 6649695D19ABE4BA922528A7 /* Pods-SRGAnalyticsTests.release.xcconfig */;
			buildSettings = {
				GCC_PREPROCESSOR_DEFINITIONS = (
					"$(inherited)",
					"COCOAPODS=1",
					"TEST=1",
				);
				INFOPLIST_FILE = RTSAnalyticsTests/Info.plist;
				LD_RUNPATH_SEARCH_PATHS = "$(inherited) @executable_path/Frameworks @loader_path/Frameworks";
				PRODUCT_BUNDLE_IDENTIFIER = "ch.rts.$(PRODUCT_NAME:rfc1034identifier)";
				PRODUCT_NAME = SRGAnalyticsTests;
			};
			name = Release;
		};
		9F4DA2301BEB609100C6FA25 /* Debug */ = {
			isa = XCBuildConfiguration;
			baseConfigurationReference = 7935F999ED64CE1691E22C28 /* Pods-SRGAnalytics.debug.xcconfig */;
			buildSettings = {
				"CODE_SIGN_IDENTITY[sdk=iphoneos*]" = "iPhone Developer";
				DEBUG_INFORMATION_FORMAT = dwarf;
				GCC_NO_COMMON_BLOCKS = YES;
				PRODUCT_NAME = "$(TARGET_NAME)";
				SKIP_INSTALL = YES;
			};
			name = Debug;
		};
		9F4DA2311BEB609100C6FA25 /* Test */ = {
			isa = XCBuildConfiguration;
			baseConfigurationReference = A453D907F21345EDCA26CB83 /* Pods-SRGAnalytics.test.xcconfig */;
			buildSettings = {
				"CODE_SIGN_IDENTITY[sdk=iphoneos*]" = "iPhone Developer";
				DEBUG_INFORMATION_FORMAT = "dwarf-with-dsym";
				GCC_NO_COMMON_BLOCKS = YES;
				GCC_PREPROCESSOR_DEFINITIONS = (
					"$(inherited)",
					"COCOAPODS=1",
					"TEST=1",
				);
				PRODUCT_NAME = "$(TARGET_NAME)";
				SKIP_INSTALL = YES;
			};
			name = Test;
		};
		9F4DA2321BEB609100C6FA25 /* Release */ = {
			isa = XCBuildConfiguration;
			baseConfigurationReference = 5ECF9264728529B828939D61 /* Pods-SRGAnalytics.release.xcconfig */;
			buildSettings = {
				"CODE_SIGN_IDENTITY[sdk=iphoneos*]" = "iPhone Developer";
				DEBUG_INFORMATION_FORMAT = "dwarf-with-dsym";
				GCC_NO_COMMON_BLOCKS = YES;
				PRODUCT_NAME = "$(TARGET_NAME)";
				SKIP_INSTALL = YES;
			};
			name = Release;
		};
/* End XCBuildConfiguration section */

/* Begin XCConfigurationList section */
		9F1518B61AC2F1CE00AE051D /* Build configuration list for PBXProject "SRGAnalytics" */ = {
			isa = XCConfigurationList;
			buildConfigurations = (
				9F1518CD1AC2F1CE00AE051D /* Debug */,
				9F01791A1B440579005DA9E3 /* Test */,
				9F1518CE1AC2F1CE00AE051D /* Release */,
			);
			defaultConfigurationIsVisible = 0;
			defaultConfigurationName = Release;
		};
		9F1518D21AC2F1CE00AE051D /* Build configuration list for PBXNativeTarget "SRGAnalyticsTests" */ = {
			isa = XCConfigurationList;
			buildConfigurations = (
				9F1518D31AC2F1CE00AE051D /* Debug */,
				9F01791C1B440579005DA9E3 /* Test */,
				9F1518D41AC2F1CE00AE051D /* Release */,
			);
			defaultConfigurationIsVisible = 0;
			defaultConfigurationName = Release;
		};
		9F4DA22F1BEB609100C6FA25 /* Build configuration list for PBXNativeTarget "SRGAnalytics" */ = {
			isa = XCConfigurationList;
			buildConfigurations = (
				9F4DA2301BEB609100C6FA25 /* Debug */,
				9F4DA2311BEB609100C6FA25 /* Test */,
				9F4DA2321BEB609100C6FA25 /* Release */,
			);
			defaultConfigurationIsVisible = 0;
			defaultConfigurationName = Release;
		};
/* End XCConfigurationList section */
	};
	rootObject = 9F1518B31AC2F1CE00AE051D /* Project object */;
}
